// !$*UTF8*$!
{
	archiveVersion = 1;
	classes = {
	};
	objectVersion = 46;
	objects = {

/* Begin PBXBuildFile section */
		0FDD254E8D70A199A8B4340D /* Pods_mobileinnovation_app1Tests.framework in Frameworks */ = {isa = PBXBuildFile; fileRef = 29C4E3CD8AA443754CB79C21 /* Pods_mobileinnovation_app1Tests.framework */; };
		10084C281F432E1D00EFE995 /* FirstViewController.swift in Sources */ = {isa = PBXBuildFile; fileRef = 10084C271F432E1D00EFE995 /* FirstViewController.swift */; };
		10084C2A1F43363E00EFE995 /* BaseViewController.swift in Sources */ = {isa = PBXBuildFile; fileRef = 10084C291F43363E00EFE995 /* BaseViewController.swift */; };
		100A755C1F485A88005DE91C /* TabBack_375.png in Resources */ = {isa = PBXBuildFile; fileRef = 100A755B1F485A88005DE91C /* TabBack_375.png */; };
		100A75621F485DAE005DE91C /* TabBack_320.png in Resources */ = {isa = PBXBuildFile; fileRef = 100A755D1F485DAE005DE91C /* TabBack_320.png */; };
		100A75631F485DAE005DE91C /* TabBack_414.png in Resources */ = {isa = PBXBuildFile; fileRef = 100A755E1F485DAE005DE91C /* TabBack_414.png */; };
		100A75641F485DAE005DE91C /* TabBack_768.png in Resources */ = {isa = PBXBuildFile; fileRef = 100A755F1F485DAE005DE91C /* TabBack_768.png */; };
		100A75651F485DAE005DE91C /* TabBack_834.png in Resources */ = {isa = PBXBuildFile; fileRef = 100A75601F485DAE005DE91C /* TabBack_834.png */; };
		100A75661F485DAE005DE91C /* TabBack_1024.png in Resources */ = {isa = PBXBuildFile; fileRef = 100A75611F485DAE005DE91C /* TabBack_1024.png */; };
		10117EFE1F4584DC00A7C2BD /* AnimationView_lib.swift in Sources */ = {isa = PBXBuildFile; fileRef = 10117EFD1F4584DC00A7C2BD /* AnimationView_lib.swift */; };
		10117F001F45854A00A7C2BD /* Tab1_ViewController.swift in Sources */ = {isa = PBXBuildFile; fileRef = 10117EFF1F45854A00A7C2BD /* Tab1_ViewController.swift */; };
		10117F021F45855800A7C2BD /* Tab2_ViewController.swift in Sources */ = {isa = PBXBuildFile; fileRef = 10117F011F45855800A7C2BD /* Tab2_ViewController.swift */; };
		10117F041F45856700A7C2BD /* Tab3_ViewController.swift in Sources */ = {isa = PBXBuildFile; fileRef = 10117F031F45856700A7C2BD /* Tab3_ViewController.swift */; };
		10117F061F45857700A7C2BD /* Tab4_ViewController.swift in Sources */ = {isa = PBXBuildFile; fileRef = 10117F051F45857700A7C2BD /* Tab4_ViewController.swift */; };
		10117F081F45858C00A7C2BD /* Tab5_ViewController.swift in Sources */ = {isa = PBXBuildFile; fileRef = 10117F071F45858C00A7C2BD /* Tab5_ViewController.swift */; };
		101F802B1F49DE15004908DA /* card1.png in Resources */ = {isa = PBXBuildFile; fileRef = 101F80071F49DE15004908DA /* card1.png */; };
		101F802C1F49DE15004908DA /* card1@2x.png in Resources */ = {isa = PBXBuildFile; fileRef = 101F80081F49DE15004908DA /* card1@2x.png */; };
		101F802D1F49DE15004908DA /* card2.png in Resources */ = {isa = PBXBuildFile; fileRef = 101F80091F49DE15004908DA /* card2.png */; };
		101F802E1F49DE15004908DA /* card2@2x.png in Resources */ = {isa = PBXBuildFile; fileRef = 101F800A1F49DE15004908DA /* card2@2x.png */; };
		101F802F1F49DE15004908DA /* card3.png in Resources */ = {isa = PBXBuildFile; fileRef = 101F800B1F49DE15004908DA /* card3.png */; };
		101F80301F49DE15004908DA /* card3@2x.png in Resources */ = {isa = PBXBuildFile; fileRef = 101F800C1F49DE15004908DA /* card3@2x.png */; };
		101F80311F49DE15004908DA /* card4.png in Resources */ = {isa = PBXBuildFile; fileRef = 101F800D1F49DE15004908DA /* card4.png */; };
		101F80321F49DE15004908DA /* card4@2x.png in Resources */ = {isa = PBXBuildFile; fileRef = 101F800E1F49DE15004908DA /* card4@2x.png */; };
		101F80331F49DE15004908DA /* check1.png in Resources */ = {isa = PBXBuildFile; fileRef = 101F800F1F49DE15004908DA /* check1.png */; };
		101F80341F49DE15004908DA /* check1@2x.png in Resources */ = {isa = PBXBuildFile; fileRef = 101F80101F49DE15004908DA /* check1@2x.png */; };
		101F80351F49DE15004908DA /* corche1.png in Resources */ = {isa = PBXBuildFile; fileRef = 101F80111F49DE15004908DA /* corche1.png */; };
		101F80361F49DE15004908DA /* corche1@2x.png in Resources */ = {isa = PBXBuildFile; fileRef = 101F80121F49DE15004908DA /* corche1@2x.png */; };
		101F80371F49DE15004908DA /* corche2.png in Resources */ = {isa = PBXBuildFile; fileRef = 101F80131F49DE15004908DA /* corche2.png */; };
		101F80381F49DE15004908DA /* corche2@2x.png in Resources */ = {isa = PBXBuildFile; fileRef = 101F80141F49DE15004908DA /* corche2@2x.png */; };
		101F80391F49DE15004908DA /* corche3.png in Resources */ = {isa = PBXBuildFile; fileRef = 101F80151F49DE15004908DA /* corche3.png */; };
		101F803A1F49DE15004908DA /* corche3@2x.png in Resources */ = {isa = PBXBuildFile; fileRef = 101F80161F49DE15004908DA /* corche3@2x.png */; };
		101F803B1F49DE15004908DA /* corche4.png in Resources */ = {isa = PBXBuildFile; fileRef = 101F80171F49DE15004908DA /* corche4.png */; };
		101F803C1F49DE15004908DA /* corche4@2x.png in Resources */ = {isa = PBXBuildFile; fileRef = 101F80181F49DE15004908DA /* corche4@2x.png */; };
		101F803D1F49DE15004908DA /* corche5.png in Resources */ = {isa = PBXBuildFile; fileRef = 101F80191F49DE15004908DA /* corche5.png */; };
		101F803E1F49DE15004908DA /* corche5@2x.png in Resources */ = {isa = PBXBuildFile; fileRef = 101F801A1F49DE15004908DA /* corche5@2x.png */; };
		101F803F1F49DE15004908DA /* corche6.png in Resources */ = {isa = PBXBuildFile; fileRef = 101F801B1F49DE15004908DA /* corche6.png */; };
		101F80401F49DE15004908DA /* corche6@2x.png in Resources */ = {isa = PBXBuildFile; fileRef = 101F801C1F49DE15004908DA /* corche6@2x.png */; };
		101F80411F49DE15004908DA /* graf1.png in Resources */ = {isa = PBXBuildFile; fileRef = 101F801D1F49DE15004908DA /* graf1.png */; };
		101F80421F49DE15004908DA /* graf1@2x.png in Resources */ = {isa = PBXBuildFile; fileRef = 101F801E1F49DE15004908DA /* graf1@2x.png */; };
		101F80431F49DE15004908DA /* graf2.png in Resources */ = {isa = PBXBuildFile; fileRef = 101F801F1F49DE15004908DA /* graf2.png */; };
		101F80441F49DE15004908DA /* graf2@2x.png in Resources */ = {isa = PBXBuildFile; fileRef = 101F80201F49DE15004908DA /* graf2@2x.png */; };
		101F80451F49DE15004908DA /* icon_105530_256.png in Resources */ = {isa = PBXBuildFile; fileRef = 101F80211F49DE15004908DA /* icon_105530_256.png */; };
		101F80461F49DE15004908DA /* icon_105530_256@2x.png in Resources */ = {isa = PBXBuildFile; fileRef = 101F80221F49DE15004908DA /* icon_105530_256@2x.png */; };
		101F80471F49DE15004908DA /* icon_158200_256.png in Resources */ = {isa = PBXBuildFile; fileRef = 101F80231F49DE15004908DA /* icon_158200_256.png */; };
		101F80481F49DE15004908DA /* icon_158200_256@2x.png in Resources */ = {isa = PBXBuildFile; fileRef = 101F80241F49DE15004908DA /* icon_158200_256@2x.png */; };
		101F80491F49DE15004908DA /* map1.png in Resources */ = {isa = PBXBuildFile; fileRef = 101F80251F49DE15004908DA /* map1.png */; };
		101F804A1F49DE15004908DA /* map1@2x.png in Resources */ = {isa = PBXBuildFile; fileRef = 101F80261F49DE15004908DA /* map1@2x.png */; };
		101F804B1F49DE15004908DA /* sns1.png in Resources */ = {isa = PBXBuildFile; fileRef = 101F80271F49DE15004908DA /* sns1.png */; };
		101F804C1F49DE15004908DA /* sns1@2x.png in Resources */ = {isa = PBXBuildFile; fileRef = 101F80281F49DE15004908DA /* sns1@2x.png */; };
		101F804D1F49DE15004908DA /* sns2.png in Resources */ = {isa = PBXBuildFile; fileRef = 101F80291F49DE15004908DA /* sns2.png */; };
		101F804E1F49DE15004908DA /* sns2@2x.png in Resources */ = {isa = PBXBuildFile; fileRef = 101F802A1F49DE15004908DA /* sns2@2x.png */; };
		101F80501F49E1EE004908DA /* animation.plist in Resources */ = {isa = PBXBuildFile; fileRef = 101F804F1F49E1EE004908DA /* animation.plist */; };
		10328EB11F469801008B2B7C /* map2.png in Resources */ = {isa = PBXBuildFile; fileRef = 10328EA71F469801008B2B7C /* map2.png */; };
		10328EB21F469801008B2B7C /* map2@2x.png in Resources */ = {isa = PBXBuildFile; fileRef = 10328EA81F469801008B2B7C /* map2@2x.png */; };
		10328EC51F46BE78008B2B7C /* Typodermic - NasalizationRg-Regular.otf in Resources */ = {isa = PBXBuildFile; fileRef = 10328EC01F46BD7B008B2B7C /* Typodermic - NasalizationRg-Regular.otf */; };
		103424A41F47E45900AD45BF /* RAMBounceAnimation.swift in Sources */ = {isa = PBXBuildFile; fileRef = 103424971F47E45900AD45BF /* RAMBounceAnimation.swift */; };
		103424A51F47E45900AD45BF /* RAMFrameItemAnimation.swift in Sources */ = {isa = PBXBuildFile; fileRef = 103424991F47E45900AD45BF /* RAMFrameItemAnimation.swift */; };
		103424A61F47E45900AD45BF /* RAMFumeAnimation.swift in Sources */ = {isa = PBXBuildFile; fileRef = 1034249B1F47E45900AD45BF /* RAMFumeAnimation.swift */; };
		103424A71F47E45900AD45BF /* RAMRotationAnimation.swift in Sources */ = {isa = PBXBuildFile; fileRef = 1034249D1F47E45900AD45BF /* RAMRotationAnimation.swift */; };
		103424A81F47E45900AD45BF /* RAMTransitionItemAnimations.swift in Sources */ = {isa = PBXBuildFile; fileRef = 1034249F1F47E45900AD45BF /* RAMTransitionItemAnimations.swift */; };
		103424A91F47E45900AD45BF /* RAMAnimatedTabBarController.swift in Sources */ = {isa = PBXBuildFile; fileRef = 103424A01F47E45900AD45BF /* RAMAnimatedTabBarController.swift */; };
		103424AA1F47E45900AD45BF /* RAMBadge.swift in Sources */ = {isa = PBXBuildFile; fileRef = 103424A21F47E45900AD45BF /* RAMBadge.swift */; };
		103424AB1F47E45900AD45BF /* RAMItemAnimationProtocol.swift in Sources */ = {isa = PBXBuildFile; fileRef = 103424A31F47E45900AD45BF /* RAMItemAnimationProtocol.swift */; };
		1044723A1F45B476006E1034 /* propaty.plist in Resources */ = {isa = PBXBuildFile; fileRef = 104472391F45B476006E1034 /* propaty.plist */; };
		106A8C6D1F45635200FC9E0F /* AndroidClock.ttf in Resources */ = {isa = PBXBuildFile; fileRef = 106A8C391F45635100FC9E0F /* AndroidClock.ttf */; };
		106A8C6E1F45635200FC9E0F /* AndroidClock_Highlight.ttf in Resources */ = {isa = PBXBuildFile; fileRef = 106A8C3A1F45635100FC9E0F /* AndroidClock_Highlight.ttf */; };
		106A8C6F1F45635200FC9E0F /* AndroidClock_Solid.ttf in Resources */ = {isa = PBXBuildFile; fileRef = 106A8C3B1F45635100FC9E0F /* AndroidClock_Solid.ttf */; };
		106A8C701F45635200FC9E0F /* AndroidEmoji.ttf in Resources */ = {isa = PBXBuildFile; fileRef = 106A8C3C1F45635100FC9E0F /* AndroidEmoji.ttf */; };
		106A8C711F45635200FC9E0F /* Clockopia.ttf in Resources */ = {isa = PBXBuildFile; fileRef = 106A8C3D1F45635100FC9E0F /* Clockopia.ttf */; };
		106A8C781F45635200FC9E0F /* DroidSans.ttf in Resources */ = {isa = PBXBuildFile; fileRef = 106A8C441F45635100FC9E0F /* DroidSans.ttf */; };
		106A8C7D1F45635200FC9E0F /* DroidSansFallback.ttf in Resources */ = {isa = PBXBuildFile; fileRef = 106A8C491F45635100FC9E0F /* DroidSansFallback.ttf */; };
		106A8C7E1F45635200FC9E0F /* DroidSansFallbackFull.ttf in Resources */ = {isa = PBXBuildFile; fileRef = 106A8C4A1F45635100FC9E0F /* DroidSansFallbackFull.ttf */; };
		106A8C7F1F45635200FC9E0F /* DroidSansFallbackLegacy.ttf in Resources */ = {isa = PBXBuildFile; fileRef = 106A8C4B1F45635100FC9E0F /* DroidSansFallbackLegacy.ttf */; };
		106A8C831F45635200FC9E0F /* DroidSansJapanese.ttf in Resources */ = {isa = PBXBuildFile; fileRef = 106A8C4F1F45635100FC9E0F /* DroidSansJapanese.ttf */; };
		106A8C841F45635200FC9E0F /* DroidSansMono.ttf in Resources */ = {isa = PBXBuildFile; fileRef = 106A8C501F45635100FC9E0F /* DroidSansMono.ttf */; };
		106A8C851F45635200FC9E0F /* DroidSerif-Bold.ttf in Resources */ = {isa = PBXBuildFile; fileRef = 106A8C511F45635100FC9E0F /* DroidSerif-Bold.ttf */; };
		106A8C861F45635200FC9E0F /* DroidSerif-BoldItalic.ttf in Resources */ = {isa = PBXBuildFile; fileRef = 106A8C521F45635100FC9E0F /* DroidSerif-BoldItalic.ttf */; };
		106A8C871F45635200FC9E0F /* DroidSerif-Italic.ttf in Resources */ = {isa = PBXBuildFile; fileRef = 106A8C531F45635100FC9E0F /* DroidSerif-Italic.ttf */; };
		106A8C881F45635200FC9E0F /* DroidSerif-Regular.ttf in Resources */ = {isa = PBXBuildFile; fileRef = 106A8C541F45635100FC9E0F /* DroidSerif-Regular.ttf */; };
		106A8C901F45635200FC9E0F /* Roboto-Bold.ttf in Resources */ = {isa = PBXBuildFile; fileRef = 106A8C5C1F45635100FC9E0F /* Roboto-Bold.ttf */; };
		106A8C911F45635200FC9E0F /* Roboto-BoldItalic.ttf in Resources */ = {isa = PBXBuildFile; fileRef = 106A8C5D1F45635100FC9E0F /* Roboto-BoldItalic.ttf */; };
		106A8C921F45635200FC9E0F /* Roboto-Italic.ttf in Resources */ = {isa = PBXBuildFile; fileRef = 106A8C5E1F45635100FC9E0F /* Roboto-Italic.ttf */; };
		106A8C931F45635200FC9E0F /* Roboto-Light.ttf in Resources */ = {isa = PBXBuildFile; fileRef = 106A8C5F1F45635200FC9E0F /* Roboto-Light.ttf */; };
		106A8C941F45635200FC9E0F /* Roboto-LightItalic.ttf in Resources */ = {isa = PBXBuildFile; fileRef = 106A8C601F45635200FC9E0F /* Roboto-LightItalic.ttf */; };
		106A8C951F45635200FC9E0F /* Roboto-Regular.ttf in Resources */ = {isa = PBXBuildFile; fileRef = 106A8C611F45635200FC9E0F /* Roboto-Regular.ttf */; };
		106A8C961F45635200FC9E0F /* Roboto-Thin.ttf in Resources */ = {isa = PBXBuildFile; fileRef = 106A8C621F45635200FC9E0F /* Roboto-Thin.ttf */; };
		106A8C971F45635200FC9E0F /* Roboto-ThinItalic.ttf in Resources */ = {isa = PBXBuildFile; fileRef = 106A8C631F45635200FC9E0F /* Roboto-ThinItalic.ttf */; };
		106A8C981F45635200FC9E0F /* RobotoCondensed-Bold.ttf in Resources */ = {isa = PBXBuildFile; fileRef = 106A8C641F45635200FC9E0F /* RobotoCondensed-Bold.ttf */; };
		106A8C991F45635200FC9E0F /* RobotoCondensed-BoldItalic.ttf in Resources */ = {isa = PBXBuildFile; fileRef = 106A8C651F45635200FC9E0F /* RobotoCondensed-BoldItalic.ttf */; };
		106A8C9A1F45635200FC9E0F /* RobotoCondensed-Italic.ttf in Resources */ = {isa = PBXBuildFile; fileRef = 106A8C661F45635200FC9E0F /* RobotoCondensed-Italic.ttf */; };
		106A8C9B1F45635200FC9E0F /* RobotoCondensed-Regular.ttf in Resources */ = {isa = PBXBuildFile; fileRef = 106A8C671F45635200FC9E0F /* RobotoCondensed-Regular.ttf */; };
		106A8C9E1F45635200FC9E0F /* company_icon_logo.png in Resources */ = {isa = PBXBuildFile; fileRef = 106A8C6B1F45635200FC9E0F /* company_icon_logo.png */; };
		108D47691F44158400441C23 /* AMReachability.swift in Sources */ = {isa = PBXBuildFile; fileRef = 108D47681F44158400441C23 /* AMReachability.swift */; };
		108D476C1F446C7A00441C23 /* Notification_lib.swift in Sources */ = {isa = PBXBuildFile; fileRef = 108D476B1F446C7A00441C23 /* Notification_lib.swift */; };
		10AA61041F419D9600F59887 /* Configuration.swift in Sources */ = {isa = PBXBuildFile; fileRef = 10AA61031F419D9600F59887 /* Configuration.swift */; };
		10AA61061F419DC500F59887 /* UrlSession_lib.swift in Sources */ = {isa = PBXBuildFile; fileRef = 10AA61051F419DC500F59887 /* UrlSession_lib.swift */; };
		10BE15DB1F3D9FAF0007641A /* AppDelegate.swift in Sources */ = {isa = PBXBuildFile; fileRef = 10BE15DA1F3D9FAF0007641A /* AppDelegate.swift */; };
		10BE15E01F3D9FAF0007641A /* Main.storyboard in Resources */ = {isa = PBXBuildFile; fileRef = 10BE15DE1F3D9FAF0007641A /* Main.storyboard */; };
		10BE15E21F3D9FAF0007641A /* Assets.xcassets in Resources */ = {isa = PBXBuildFile; fileRef = 10BE15E11F3D9FAF0007641A /* Assets.xcassets */; };
		10BE15E51F3D9FAF0007641A /* LaunchScreen.storyboard in Resources */ = {isa = PBXBuildFile; fileRef = 10BE15E31F3D9FAF0007641A /* LaunchScreen.storyboard */; };
		10BE15F01F3D9FAF0007641A /* mobileinnovation_app1Tests.swift in Sources */ = {isa = PBXBuildFile; fileRef = 10BE15EF1F3D9FAF0007641A /* mobileinnovation_app1Tests.swift */; };
		10BE15FB1F3D9FAF0007641A /* mobileinnovation_app1UITests.swift in Sources */ = {isa = PBXBuildFile; fileRef = 10BE15FA1F3D9FAF0007641A /* mobileinnovation_app1UITests.swift */; };
		340688C4D4836A00392CC0E1 /* Pods_mobileinnovation_app1.framework in Frameworks */ = {isa = PBXBuildFile; fileRef = F4016FE3E887F55A00E0D7A6 /* Pods_mobileinnovation_app1.framework */; };
		98D58D4F9AE10687A18DF74E /* Pods_mobileinnovation_app1UITests.framework in Frameworks */ = {isa = PBXBuildFile; fileRef = 42889033F4FF58E880111948 /* Pods_mobileinnovation_app1UITests.framework */; };
/* End PBXBuildFile section */

/* Begin PBXContainerItemProxy section */
		10BE15EC1F3D9FAF0007641A /* PBXContainerItemProxy */ = {
			isa = PBXContainerItemProxy;
			containerPortal = 10BE15CF1F3D9FAF0007641A /* Project object */;
			proxyType = 1;
			remoteGlobalIDString = 10BE15D61F3D9FAF0007641A;
			remoteInfo = "mobileinnovation-app1";
		};
		10BE15F71F3D9FAF0007641A /* PBXContainerItemProxy */ = {
			isa = PBXContainerItemProxy;
			containerPortal = 10BE15CF1F3D9FAF0007641A /* Project object */;
			proxyType = 1;
			remoteGlobalIDString = 10BE15D61F3D9FAF0007641A;
			remoteInfo = "mobileinnovation-app1";
		};
/* End PBXContainerItemProxy section */

/* Begin PBXFileReference section */
		10084C271F432E1D00EFE995 /* FirstViewController.swift */ = {isa = PBXFileReference; fileEncoding = 4; lastKnownFileType = sourcecode.swift; path = FirstViewController.swift; sourceTree = "<group>"; };
		10084C291F43363E00EFE995 /* BaseViewController.swift */ = {isa = PBXFileReference; fileEncoding = 4; lastKnownFileType = sourcecode.swift; path = BaseViewController.swift; sourceTree = "<group>"; };
		100A755B1F485A88005DE91C /* TabBack_375.png */ = {isa = PBXFileReference; lastKnownFileType = image.png; path = TabBack_375.png; sourceTree = "<group>"; };
		100A755D1F485DAE005DE91C /* TabBack_320.png */ = {isa = PBXFileReference; lastKnownFileType = image.png; path = TabBack_320.png; sourceTree = "<group>"; };
		100A755E1F485DAE005DE91C /* TabBack_414.png */ = {isa = PBXFileReference; lastKnownFileType = image.png; path = TabBack_414.png; sourceTree = "<group>"; };
		100A755F1F485DAE005DE91C /* TabBack_768.png */ = {isa = PBXFileReference; lastKnownFileType = image.png; path = TabBack_768.png; sourceTree = "<group>"; };
		100A75601F485DAE005DE91C /* TabBack_834.png */ = {isa = PBXFileReference; lastKnownFileType = image.png; path = TabBack_834.png; sourceTree = "<group>"; };
		100A75611F485DAE005DE91C /* TabBack_1024.png */ = {isa = PBXFileReference; lastKnownFileType = image.png; path = TabBack_1024.png; sourceTree = "<group>"; };
		10117EFD1F4584DC00A7C2BD /* AnimationView_lib.swift */ = {isa = PBXFileReference; fileEncoding = 4; lastKnownFileType = sourcecode.swift; path = AnimationView_lib.swift; sourceTree = "<group>"; };
		10117EFF1F45854A00A7C2BD /* Tab1_ViewController.swift */ = {isa = PBXFileReference; fileEncoding = 4; lastKnownFileType = sourcecode.swift; path = Tab1_ViewController.swift; sourceTree = "<group>"; };
		10117F011F45855800A7C2BD /* Tab2_ViewController.swift */ = {isa = PBXFileReference; fileEncoding = 4; lastKnownFileType = sourcecode.swift; path = Tab2_ViewController.swift; sourceTree = "<group>"; };
		10117F031F45856700A7C2BD /* Tab3_ViewController.swift */ = {isa = PBXFileReference; fileEncoding = 4; lastKnownFileType = sourcecode.swift; path = Tab3_ViewController.swift; sourceTree = "<group>"; };
		10117F051F45857700A7C2BD /* Tab4_ViewController.swift */ = {isa = PBXFileReference; fileEncoding = 4; lastKnownFileType = sourcecode.swift; path = Tab4_ViewController.swift; sourceTree = "<group>"; };
		10117F071F45858C00A7C2BD /* Tab5_ViewController.swift */ = {isa = PBXFileReference; fileEncoding = 4; lastKnownFileType = sourcecode.swift; path = Tab5_ViewController.swift; sourceTree = "<group>"; };
		101F80071F49DE15004908DA /* card1.png */ = {isa = PBXFileReference; lastKnownFileType = image.png; path = card1.png; sourceTree = "<group>"; };
		101F80081F49DE15004908DA /* card1@2x.png */ = {isa = PBXFileReference; lastKnownFileType = image.png; path = "card1@2x.png"; sourceTree = "<group>"; };
		101F80091F49DE15004908DA /* card2.png */ = {isa = PBXFileReference; lastKnownFileType = image.png; path = card2.png; sourceTree = "<group>"; };
		101F800A1F49DE15004908DA /* card2@2x.png */ = {isa = PBXFileReference; lastKnownFileType = image.png; path = "card2@2x.png"; sourceTree = "<group>"; };
		101F800B1F49DE15004908DA /* card3.png */ = {isa = PBXFileReference; lastKnownFileType = image.png; path = card3.png; sourceTree = "<group>"; };
		101F800C1F49DE15004908DA /* card3@2x.png */ = {isa = PBXFileReference; lastKnownFileType = image.png; path = "card3@2x.png"; sourceTree = "<group>"; };
		101F800D1F49DE15004908DA /* card4.png */ = {isa = PBXFileReference; lastKnownFileType = image.png; path = card4.png; sourceTree = "<group>"; };
		101F800E1F49DE15004908DA /* card4@2x.png */ = {isa = PBXFileReference; lastKnownFileType = image.png; path = "card4@2x.png"; sourceTree = "<group>"; };
		101F800F1F49DE15004908DA /* check1.png */ = {isa = PBXFileReference; lastKnownFileType = image.png; path = check1.png; sourceTree = "<group>"; };
		101F80101F49DE15004908DA /* check1@2x.png */ = {isa = PBXFileReference; lastKnownFileType = image.png; path = "check1@2x.png"; sourceTree = "<group>"; };
		101F80111F49DE15004908DA /* corche1.png */ = {isa = PBXFileReference; lastKnownFileType = image.png; path = corche1.png; sourceTree = "<group>"; };
		101F80121F49DE15004908DA /* corche1@2x.png */ = {isa = PBXFileReference; lastKnownFileType = image.png; path = "corche1@2x.png"; sourceTree = "<group>"; };
		101F80131F49DE15004908DA /* corche2.png */ = {isa = PBXFileReference; lastKnownFileType = image.png; path = corche2.png; sourceTree = "<group>"; };
		101F80141F49DE15004908DA /* corche2@2x.png */ = {isa = PBXFileReference; lastKnownFileType = image.png; path = "corche2@2x.png"; sourceTree = "<group>"; };
		101F80151F49DE15004908DA /* corche3.png */ = {isa = PBXFileReference; lastKnownFileType = image.png; path = corche3.png; sourceTree = "<group>"; };
		101F80161F49DE15004908DA /* corche3@2x.png */ = {isa = PBXFileReference; lastKnownFileType = image.png; path = "corche3@2x.png"; sourceTree = "<group>"; };
		101F80171F49DE15004908DA /* corche4.png */ = {isa = PBXFileReference; lastKnownFileType = image.png; path = corche4.png; sourceTree = "<group>"; };
		101F80181F49DE15004908DA /* corche4@2x.png */ = {isa = PBXFileReference; lastKnownFileType = image.png; path = "corche4@2x.png"; sourceTree = "<group>"; };
		101F80191F49DE15004908DA /* corche5.png */ = {isa = PBXFileReference; lastKnownFileType = image.png; path = corche5.png; sourceTree = "<group>"; };
		101F801A1F49DE15004908DA /* corche5@2x.png */ = {isa = PBXFileReference; lastKnownFileType = image.png; path = "corche5@2x.png"; sourceTree = "<group>"; };
		101F801B1F49DE15004908DA /* corche6.png */ = {isa = PBXFileReference; lastKnownFileType = image.png; path = corche6.png; sourceTree = "<group>"; };
		101F801C1F49DE15004908DA /* corche6@2x.png */ = {isa = PBXFileReference; lastKnownFileType = image.png; path = "corche6@2x.png"; sourceTree = "<group>"; };
		101F801D1F49DE15004908DA /* graf1.png */ = {isa = PBXFileReference; lastKnownFileType = image.png; path = graf1.png; sourceTree = "<group>"; };
		101F801E1F49DE15004908DA /* graf1@2x.png */ = {isa = PBXFileReference; lastKnownFileType = image.png; path = "graf1@2x.png"; sourceTree = "<group>"; };
		101F801F1F49DE15004908DA /* graf2.png */ = {isa = PBXFileReference; lastKnownFileType = image.png; path = graf2.png; sourceTree = "<group>"; };
		101F80201F49DE15004908DA /* graf2@2x.png */ = {isa = PBXFileReference; lastKnownFileType = image.png; path = "graf2@2x.png"; sourceTree = "<group>"; };
		101F80211F49DE15004908DA /* icon_105530_256.png */ = {isa = PBXFileReference; lastKnownFileType = image.png; path = icon_105530_256.png; sourceTree = "<group>"; };
		101F80221F49DE15004908DA /* icon_105530_256@2x.png */ = {isa = PBXFileReference; lastKnownFileType = image.png; path = "icon_105530_256@2x.png"; sourceTree = "<group>"; };
		101F80231F49DE15004908DA /* icon_158200_256.png */ = {isa = PBXFileReference; lastKnownFileType = image.png; path = icon_158200_256.png; sourceTree = "<group>"; };
		101F80241F49DE15004908DA /* icon_158200_256@2x.png */ = {isa = PBXFileReference; lastKnownFileType = image.png; path = "icon_158200_256@2x.png"; sourceTree = "<group>"; };
		101F80251F49DE15004908DA /* map1.png */ = {isa = PBXFileReference; lastKnownFileType = image.png; path = map1.png; sourceTree = "<group>"; };
		101F80261F49DE15004908DA /* map1@2x.png */ = {isa = PBXFileReference; lastKnownFileType = image.png; path = "map1@2x.png"; sourceTree = "<group>"; };
		101F80271F49DE15004908DA /* sns1.png */ = {isa = PBXFileReference; lastKnownFileType = image.png; path = sns1.png; sourceTree = "<group>"; };
		101F80281F49DE15004908DA /* sns1@2x.png */ = {isa = PBXFileReference; lastKnownFileType = image.png; path = "sns1@2x.png"; sourceTree = "<group>"; };
		101F80291F49DE15004908DA /* sns2.png */ = {isa = PBXFileReference; lastKnownFileType = image.png; path = sns2.png; sourceTree = "<group>"; };
		101F802A1F49DE15004908DA /* sns2@2x.png */ = {isa = PBXFileReference; lastKnownFileType = image.png; path = "sns2@2x.png"; sourceTree = "<group>"; };
		101F804F1F49E1EE004908DA /* animation.plist */ = {isa = PBXFileReference; fileEncoding = 4; lastKnownFileType = text.plist.xml; path = animation.plist; sourceTree = "<group>"; };
		10328EA71F469801008B2B7C /* map2.png */ = {isa = PBXFileReference; lastKnownFileType = image.png; path = map2.png; sourceTree = "<group>"; };
		10328EA81F469801008B2B7C /* map2@2x.png */ = {isa = PBXFileReference; lastKnownFileType = image.png; path = "map2@2x.png"; sourceTree = "<group>"; };
		10328EB91F46B5E6008B2B7C /* Bridght-Header.h */ = {isa = PBXFileReference; lastKnownFileType = sourcecode.c.h; path = "Bridght-Header.h"; sourceTree = "<group>"; };
		10328EC01F46BD7B008B2B7C /* Typodermic - NasalizationRg-Regular.otf */ = {isa = PBXFileReference; lastKnownFileType = file; path = "Typodermic - NasalizationRg-Regular.otf"; sourceTree = "<group>"; };
		103424971F47E45900AD45BF /* RAMBounceAnimation.swift */ = {isa = PBXFileReference; fileEncoding = 4; lastKnownFileType = sourcecode.swift; path = RAMBounceAnimation.swift; sourceTree = "<group>"; };
		103424991F47E45900AD45BF /* RAMFrameItemAnimation.swift */ = {isa = PBXFileReference; fileEncoding = 4; lastKnownFileType = sourcecode.swift; path = RAMFrameItemAnimation.swift; sourceTree = "<group>"; };
		1034249B1F47E45900AD45BF /* RAMFumeAnimation.swift */ = {isa = PBXFileReference; fileEncoding = 4; lastKnownFileType = sourcecode.swift; path = RAMFumeAnimation.swift; sourceTree = "<group>"; };
		1034249D1F47E45900AD45BF /* RAMRotationAnimation.swift */ = {isa = PBXFileReference; fileEncoding = 4; lastKnownFileType = sourcecode.swift; path = RAMRotationAnimation.swift; sourceTree = "<group>"; };
		1034249F1F47E45900AD45BF /* RAMTransitionItemAnimations.swift */ = {isa = PBXFileReference; fileEncoding = 4; lastKnownFileType = sourcecode.swift; path = RAMTransitionItemAnimations.swift; sourceTree = "<group>"; };
		103424A01F47E45900AD45BF /* RAMAnimatedTabBarController.swift */ = {isa = PBXFileReference; fileEncoding = 4; lastKnownFileType = sourcecode.swift; path = RAMAnimatedTabBarController.swift; sourceTree = "<group>"; };
		103424A21F47E45900AD45BF /* RAMBadge.swift */ = {isa = PBXFileReference; fileEncoding = 4; lastKnownFileType = sourcecode.swift; path = RAMBadge.swift; sourceTree = "<group>"; };
		103424A31F47E45900AD45BF /* RAMItemAnimationProtocol.swift */ = {isa = PBXFileReference; fileEncoding = 4; lastKnownFileType = sourcecode.swift; path = RAMItemAnimationProtocol.swift; sourceTree = "<group>"; };
		104472391F45B476006E1034 /* propaty.plist */ = {isa = PBXFileReference; fileEncoding = 4; lastKnownFileType = text.plist.xml; path = propaty.plist; sourceTree = "<group>"; };
		106A8C391F45635100FC9E0F /* AndroidClock.ttf */ = {isa = PBXFileReference; lastKnownFileType = file; path = AndroidClock.ttf; sourceTree = "<group>"; };
		106A8C3A1F45635100FC9E0F /* AndroidClock_Highlight.ttf */ = {isa = PBXFileReference; lastKnownFileType = file; path = AndroidClock_Highlight.ttf; sourceTree = "<group>"; };
		106A8C3B1F45635100FC9E0F /* AndroidClock_Solid.ttf */ = {isa = PBXFileReference; lastKnownFileType = file; path = AndroidClock_Solid.ttf; sourceTree = "<group>"; };
		106A8C3C1F45635100FC9E0F /* AndroidEmoji.ttf */ = {isa = PBXFileReference; lastKnownFileType = file; path = AndroidEmoji.ttf; sourceTree = "<group>"; };
		106A8C3D1F45635100FC9E0F /* Clockopia.ttf */ = {isa = PBXFileReference; lastKnownFileType = file; path = Clockopia.ttf; sourceTree = "<group>"; };
		106A8C441F45635100FC9E0F /* DroidSans.ttf */ = {isa = PBXFileReference; lastKnownFileType = file; path = DroidSans.ttf; sourceTree = "<group>"; };
		106A8C491F45635100FC9E0F /* DroidSansFallback.ttf */ = {isa = PBXFileReference; lastKnownFileType = file; path = DroidSansFallback.ttf; sourceTree = "<group>"; };
		106A8C4A1F45635100FC9E0F /* DroidSansFallbackFull.ttf */ = {isa = PBXFileReference; lastKnownFileType = file; path = DroidSansFallbackFull.ttf; sourceTree = "<group>"; };
		106A8C4B1F45635100FC9E0F /* DroidSansFallbackLegacy.ttf */ = {isa = PBXFileReference; lastKnownFileType = file; path = DroidSansFallbackLegacy.ttf; sourceTree = "<group>"; };
		106A8C4F1F45635100FC9E0F /* DroidSansJapanese.ttf */ = {isa = PBXFileReference; lastKnownFileType = file; path = DroidSansJapanese.ttf; sourceTree = "<group>"; };
		106A8C501F45635100FC9E0F /* DroidSansMono.ttf */ = {isa = PBXFileReference; lastKnownFileType = file; path = DroidSansMono.ttf; sourceTree = "<group>"; };
		106A8C511F45635100FC9E0F /* DroidSerif-Bold.ttf */ = {isa = PBXFileReference; lastKnownFileType = file; path = "DroidSerif-Bold.ttf"; sourceTree = "<group>"; };
		106A8C521F45635100FC9E0F /* DroidSerif-BoldItalic.ttf */ = {isa = PBXFileReference; lastKnownFileType = file; path = "DroidSerif-BoldItalic.ttf"; sourceTree = "<group>"; };
		106A8C531F45635100FC9E0F /* DroidSerif-Italic.ttf */ = {isa = PBXFileReference; lastKnownFileType = file; path = "DroidSerif-Italic.ttf"; sourceTree = "<group>"; };
		106A8C541F45635100FC9E0F /* DroidSerif-Regular.ttf */ = {isa = PBXFileReference; lastKnownFileType = file; path = "DroidSerif-Regular.ttf"; sourceTree = "<group>"; };
		106A8C5C1F45635100FC9E0F /* Roboto-Bold.ttf */ = {isa = PBXFileReference; lastKnownFileType = file; path = "Roboto-Bold.ttf"; sourceTree = "<group>"; };
		106A8C5D1F45635100FC9E0F /* Roboto-BoldItalic.ttf */ = {isa = PBXFileReference; lastKnownFileType = file; path = "Roboto-BoldItalic.ttf"; sourceTree = "<group>"; };
		106A8C5E1F45635100FC9E0F /* Roboto-Italic.ttf */ = {isa = PBXFileReference; lastKnownFileType = file; path = "Roboto-Italic.ttf"; sourceTree = "<group>"; };
		106A8C5F1F45635200FC9E0F /* Roboto-Light.ttf */ = {isa = PBXFileReference; lastKnownFileType = file; path = "Roboto-Light.ttf"; sourceTree = "<group>"; };
		106A8C601F45635200FC9E0F /* Roboto-LightItalic.ttf */ = {isa = PBXFileReference; lastKnownFileType = file; path = "Roboto-LightItalic.ttf"; sourceTree = "<group>"; };
		106A8C611F45635200FC9E0F /* Roboto-Regular.ttf */ = {isa = PBXFileReference; lastKnownFileType = file; path = "Roboto-Regular.ttf"; sourceTree = "<group>"; };
		106A8C621F45635200FC9E0F /* Roboto-Thin.ttf */ = {isa = PBXFileReference; lastKnownFileType = file; path = "Roboto-Thin.ttf"; sourceTree = "<group>"; };
		106A8C631F45635200FC9E0F /* Roboto-ThinItalic.ttf */ = {isa = PBXFileReference; lastKnownFileType = file; path = "Roboto-ThinItalic.ttf"; sourceTree = "<group>"; };
		106A8C641F45635200FC9E0F /* RobotoCondensed-Bold.ttf */ = {isa = PBXFileReference; lastKnownFileType = file; path = "RobotoCondensed-Bold.ttf"; sourceTree = "<group>"; };
		106A8C651F45635200FC9E0F /* RobotoCondensed-BoldItalic.ttf */ = {isa = PBXFileReference; lastKnownFileType = file; path = "RobotoCondensed-BoldItalic.ttf"; sourceTree = "<group>"; };
		106A8C661F45635200FC9E0F /* RobotoCondensed-Italic.ttf */ = {isa = PBXFileReference; lastKnownFileType = file; path = "RobotoCondensed-Italic.ttf"; sourceTree = "<group>"; };
		106A8C671F45635200FC9E0F /* RobotoCondensed-Regular.ttf */ = {isa = PBXFileReference; lastKnownFileType = file; path = "RobotoCondensed-Regular.ttf"; sourceTree = "<group>"; };
		106A8C6B1F45635200FC9E0F /* company_icon_logo.png */ = {isa = PBXFileReference; lastKnownFileType = image.png; path = company_icon_logo.png; sourceTree = "<group>"; };
		108D47681F44158400441C23 /* AMReachability.swift */ = {isa = PBXFileReference; fileEncoding = 4; lastKnownFileType = sourcecode.swift; path = AMReachability.swift; sourceTree = "<group>"; };
		108D476B1F446C7A00441C23 /* Notification_lib.swift */ = {isa = PBXFileReference; fileEncoding = 4; lastKnownFileType = sourcecode.swift; path = Notification_lib.swift; sourceTree = "<group>"; };
		10AA61001F41935C00F59887 /* mobileinnovation-app1.entitlements */ = {isa = PBXFileReference; fileEncoding = 4; lastKnownFileType = text.plist.entitlements; path = "mobileinnovation-app1.entitlements"; sourceTree = "<group>"; };
		10AA61031F419D9600F59887 /* Configuration.swift */ = {isa = PBXFileReference; fileEncoding = 4; lastKnownFileType = sourcecode.swift; path = Configuration.swift; sourceTree = "<group>"; };
		10AA61051F419DC500F59887 /* UrlSession_lib.swift */ = {isa = PBXFileReference; fileEncoding = 4; lastKnownFileType = sourcecode.swift; path = UrlSession_lib.swift; sourceTree = "<group>"; };
		10BE15D71F3D9FAF0007641A /* mobileinnovation-app1.app */ = {isa = PBXFileReference; explicitFileType = wrapper.application; includeInIndex = 0; path = "mobileinnovation-app1.app"; sourceTree = BUILT_PRODUCTS_DIR; };
		10BE15DA1F3D9FAF0007641A /* AppDelegate.swift */ = {isa = PBXFileReference; lastKnownFileType = sourcecode.swift; path = AppDelegate.swift; sourceTree = "<group>"; };
		10BE15DF1F3D9FAF0007641A /* Base */ = {isa = PBXFileReference; lastKnownFileType = file.storyboard; name = Base; path = Base.lproj/Main.storyboard; sourceTree = "<group>"; };
		10BE15E11F3D9FAF0007641A /* Assets.xcassets */ = {isa = PBXFileReference; lastKnownFileType = folder.assetcatalog; path = Assets.xcassets; sourceTree = "<group>"; };
		10BE15E41F3D9FAF0007641A /* Base */ = {isa = PBXFileReference; lastKnownFileType = file.storyboard; name = Base; path = Base.lproj/LaunchScreen.storyboard; sourceTree = "<group>"; };
		10BE15E61F3D9FAF0007641A /* Info.plist */ = {isa = PBXFileReference; lastKnownFileType = text.plist.xml; path = Info.plist; sourceTree = "<group>"; };
		10BE15EB1F3D9FAF0007641A /* mobileinnovation-app1Tests.xctest */ = {isa = PBXFileReference; explicitFileType = wrapper.cfbundle; includeInIndex = 0; path = "mobileinnovation-app1Tests.xctest"; sourceTree = BUILT_PRODUCTS_DIR; };
		10BE15EF1F3D9FAF0007641A /* mobileinnovation_app1Tests.swift */ = {isa = PBXFileReference; lastKnownFileType = sourcecode.swift; path = mobileinnovation_app1Tests.swift; sourceTree = "<group>"; };
		10BE15F11F3D9FAF0007641A /* Info.plist */ = {isa = PBXFileReference; lastKnownFileType = text.plist.xml; path = Info.plist; sourceTree = "<group>"; };
		10BE15F61F3D9FAF0007641A /* mobileinnovation-app1UITests.xctest */ = {isa = PBXFileReference; explicitFileType = wrapper.cfbundle; includeInIndex = 0; path = "mobileinnovation-app1UITests.xctest"; sourceTree = BUILT_PRODUCTS_DIR; };
		10BE15FA1F3D9FAF0007641A /* mobileinnovation_app1UITests.swift */ = {isa = PBXFileReference; lastKnownFileType = sourcecode.swift; path = mobileinnovation_app1UITests.swift; sourceTree = "<group>"; };
		10BE15FC1F3D9FAF0007641A /* Info.plist */ = {isa = PBXFileReference; lastKnownFileType = text.plist.xml; path = Info.plist; sourceTree = "<group>"; };
		29C4E3CD8AA443754CB79C21 /* Pods_mobileinnovation_app1Tests.framework */ = {isa = PBXFileReference; explicitFileType = wrapper.framework; includeInIndex = 0; path = Pods_mobileinnovation_app1Tests.framework; sourceTree = BUILT_PRODUCTS_DIR; };
		42889033F4FF58E880111948 /* Pods_mobileinnovation_app1UITests.framework */ = {isa = PBXFileReference; explicitFileType = wrapper.framework; includeInIndex = 0; path = Pods_mobileinnovation_app1UITests.framework; sourceTree = BUILT_PRODUCTS_DIR; };
		44041D7188E3C292CC84C372 /* Pods-mobileinnovation-app1Tests.release.xcconfig */ = {isa = PBXFileReference; includeInIndex = 1; lastKnownFileType = text.xcconfig; name = "Pods-mobileinnovation-app1Tests.release.xcconfig"; path = "Pods/Target Support Files/Pods-mobileinnovation-app1Tests/Pods-mobileinnovation-app1Tests.release.xcconfig"; sourceTree = "<group>"; };
		9BAD9819F7F24614DBD2EB00 /* Pods-mobileinnovation-app1Tests.debug.xcconfig */ = {isa = PBXFileReference; includeInIndex = 1; lastKnownFileType = text.xcconfig; name = "Pods-mobileinnovation-app1Tests.debug.xcconfig"; path = "Pods/Target Support Files/Pods-mobileinnovation-app1Tests/Pods-mobileinnovation-app1Tests.debug.xcconfig"; sourceTree = "<group>"; };
		A1FC17C3787785A9B41C61F5 /* Pods-mobileinnovation-app1UITests.debug.xcconfig */ = {isa = PBXFileReference; includeInIndex = 1; lastKnownFileType = text.xcconfig; name = "Pods-mobileinnovation-app1UITests.debug.xcconfig"; path = "Pods/Target Support Files/Pods-mobileinnovation-app1UITests/Pods-mobileinnovation-app1UITests.debug.xcconfig"; sourceTree = "<group>"; };
		BE278F53FFBDE28B4B2AFBAC /* Pods-mobileinnovation-app1UITests.release.xcconfig */ = {isa = PBXFileReference; includeInIndex = 1; lastKnownFileType = text.xcconfig; name = "Pods-mobileinnovation-app1UITests.release.xcconfig"; path = "Pods/Target Support Files/Pods-mobileinnovation-app1UITests/Pods-mobileinnovation-app1UITests.release.xcconfig"; sourceTree = "<group>"; };
		BFD1553FF603C9A944D16437 /* Pods-mobileinnovation-app1.debug.xcconfig */ = {isa = PBXFileReference; includeInIndex = 1; lastKnownFileType = text.xcconfig; name = "Pods-mobileinnovation-app1.debug.xcconfig"; path = "Pods/Target Support Files/Pods-mobileinnovation-app1/Pods-mobileinnovation-app1.debug.xcconfig"; sourceTree = "<group>"; };
		E692B887B3A9230E1579D51C /* Pods-mobileinnovation-app1.release.xcconfig */ = {isa = PBXFileReference; includeInIndex = 1; lastKnownFileType = text.xcconfig; name = "Pods-mobileinnovation-app1.release.xcconfig"; path = "Pods/Target Support Files/Pods-mobileinnovation-app1/Pods-mobileinnovation-app1.release.xcconfig"; sourceTree = "<group>"; };
		F4016FE3E887F55A00E0D7A6 /* Pods_mobileinnovation_app1.framework */ = {isa = PBXFileReference; explicitFileType = wrapper.framework; includeInIndex = 0; path = Pods_mobileinnovation_app1.framework; sourceTree = BUILT_PRODUCTS_DIR; };
/* End PBXFileReference section */

/* Begin PBXFrameworksBuildPhase section */
		10BE15D41F3D9FAF0007641A /* Frameworks */ = {
			isa = PBXFrameworksBuildPhase;
			buildActionMask = 2147483647;
			files = (
				340688C4D4836A00392CC0E1 /* Pods_mobileinnovation_app1.framework in Frameworks */,
			);
			runOnlyForDeploymentPostprocessing = 0;
		};
		10BE15E81F3D9FAF0007641A /* Frameworks */ = {
			isa = PBXFrameworksBuildPhase;
			buildActionMask = 2147483647;
			files = (
				0FDD254E8D70A199A8B4340D /* Pods_mobileinnovation_app1Tests.framework in Frameworks */,
			);
			runOnlyForDeploymentPostprocessing = 0;
		};
		10BE15F31F3D9FAF0007641A /* Frameworks */ = {
			isa = PBXFrameworksBuildPhase;
			buildActionMask = 2147483647;
			files = (
				98D58D4F9AE10687A18DF74E /* Pods_mobileinnovation_app1UITests.framework in Frameworks */,
			);
			runOnlyForDeploymentPostprocessing = 0;
		};
/* End PBXFrameworksBuildPhase section */

/* Begin PBXGroup section */
		10117EFC1F4584DC00A7C2BD /* AnimationView_lib */ = {
			isa = PBXGroup;
			children = (
				10117EFD1F4584DC00A7C2BD /* AnimationView_lib.swift */,
			);
			path = AnimationView_lib;
			sourceTree = "<group>";
		};
		10328EA01F469801008B2B7C /* tab */ = {
			isa = PBXGroup;
			children = (
				101F80071F49DE15004908DA /* card1.png */,
				101F80081F49DE15004908DA /* card1@2x.png */,
				101F80091F49DE15004908DA /* card2.png */,
				101F800A1F49DE15004908DA /* card2@2x.png */,
				101F800B1F49DE15004908DA /* card3.png */,
				101F800C1F49DE15004908DA /* card3@2x.png */,
				101F800D1F49DE15004908DA /* card4.png */,
				101F800E1F49DE15004908DA /* card4@2x.png */,
				101F800F1F49DE15004908DA /* check1.png */,
				101F80101F49DE15004908DA /* check1@2x.png */,
				101F80111F49DE15004908DA /* corche1.png */,
				101F80121F49DE15004908DA /* corche1@2x.png */,
				101F80131F49DE15004908DA /* corche2.png */,
				101F80141F49DE15004908DA /* corche2@2x.png */,
				101F80151F49DE15004908DA /* corche3.png */,
				101F80161F49DE15004908DA /* corche3@2x.png */,
				101F80171F49DE15004908DA /* corche4.png */,
				101F80181F49DE15004908DA /* corche4@2x.png */,
				101F80191F49DE15004908DA /* corche5.png */,
				101F801A1F49DE15004908DA /* corche5@2x.png */,
				101F801B1F49DE15004908DA /* corche6.png */,
				101F801C1F49DE15004908DA /* corche6@2x.png */,
				101F801D1F49DE15004908DA /* graf1.png */,
				101F801E1F49DE15004908DA /* graf1@2x.png */,
				101F801F1F49DE15004908DA /* graf2.png */,
				101F80201F49DE15004908DA /* graf2@2x.png */,
				101F80211F49DE15004908DA /* icon_105530_256.png */,
				101F80221F49DE15004908DA /* icon_105530_256@2x.png */,
				101F80231F49DE15004908DA /* icon_158200_256.png */,
				101F80241F49DE15004908DA /* icon_158200_256@2x.png */,
				101F80251F49DE15004908DA /* map1.png */,
				101F80261F49DE15004908DA /* map1@2x.png */,
				10328EA71F469801008B2B7C /* map2.png */,
				10328EA81F469801008B2B7C /* map2@2x.png */,
				101F80271F49DE15004908DA /* sns1.png */,
				101F80281F49DE15004908DA /* sns1@2x.png */,
				101F80291F49DE15004908DA /* sns2.png */,
				101F802A1F49DE15004908DA /* sns2@2x.png */,
				100A755D1F485DAE005DE91C /* TabBack_320.png */,
				100A755B1F485A88005DE91C /* TabBack_375.png */,
				100A755E1F485DAE005DE91C /* TabBack_414.png */,
				100A755F1F485DAE005DE91C /* TabBack_768.png */,
				100A75601F485DAE005DE91C /* TabBack_834.png */,
				100A75611F485DAE005DE91C /* TabBack_1024.png */,
				101F804F1F49E1EE004908DA /* animation.plist */,
			);
			path = tab;
			sourceTree = "<group>";
		};
		103424941F47E45900AD45BF /* RAMAnimatedTabBarController */ = {
			isa = PBXGroup;
			children = (
				103424951F47E45900AD45BF /* Animations */,
				103424A01F47E45900AD45BF /* RAMAnimatedTabBarController.swift */,
				103424A11F47E45900AD45BF /* RAMBadge */,
				103424A31F47E45900AD45BF /* RAMItemAnimationProtocol.swift */,
			);
			path = RAMAnimatedTabBarController;
			sourceTree = "<group>";
		};
		103424951F47E45900AD45BF /* Animations */ = {
			isa = PBXGroup;
			children = (
				103424961F47E45900AD45BF /* BounceAnimation */,
				103424981F47E45900AD45BF /* FrameAnimation */,
				1034249A1F47E45900AD45BF /* FumeAnimation */,
				1034249C1F47E45900AD45BF /* RotationAnimation */,
				1034249E1F47E45900AD45BF /* TransitionAniamtions */,
			);
			path = Animations;
			sourceTree = "<group>";
		};
		103424961F47E45900AD45BF /* BounceAnimation */ = {
			isa = PBXGroup;
			children = (
				103424971F47E45900AD45BF /* RAMBounceAnimation.swift */,
			);
			path = BounceAnimation;
			sourceTree = "<group>";
		};
		103424981F47E45900AD45BF /* FrameAnimation */ = {
			isa = PBXGroup;
			children = (
				103424991F47E45900AD45BF /* RAMFrameItemAnimation.swift */,
			);
			path = FrameAnimation;
			sourceTree = "<group>";
		};
		1034249A1F47E45900AD45BF /* FumeAnimation */ = {
			isa = PBXGroup;
			children = (
				1034249B1F47E45900AD45BF /* RAMFumeAnimation.swift */,
			);
			path = FumeAnimation;
			sourceTree = "<group>";
		};
		1034249C1F47E45900AD45BF /* RotationAnimation */ = {
			isa = PBXGroup;
			children = (
				1034249D1F47E45900AD45BF /* RAMRotationAnimation.swift */,
			);
			path = RotationAnimation;
			sourceTree = "<group>";
		};
		1034249E1F47E45900AD45BF /* TransitionAniamtions */ = {
			isa = PBXGroup;
			children = (
				1034249F1F47E45900AD45BF /* RAMTransitionItemAnimations.swift */,
			);
			path = TransitionAniamtions;
			sourceTree = "<group>";
		};
		103424A11F47E45900AD45BF /* RAMBadge */ = {
			isa = PBXGroup;
			children = (
				103424A21F47E45900AD45BF /* RAMBadge.swift */,
			);
			path = RAMBadge;
			sourceTree = "<group>";
		};
		106A8C371F45635100FC9E0F /* fonts */ = {
			isa = PBXGroup;
			children = (
				10328EC01F46BD7B008B2B7C /* Typodermic - NasalizationRg-Regular.otf */,
				106A8C391F45635100FC9E0F /* AndroidClock.ttf */,
				106A8C3A1F45635100FC9E0F /* AndroidClock_Highlight.ttf */,
				106A8C3B1F45635100FC9E0F /* AndroidClock_Solid.ttf */,
				106A8C3C1F45635100FC9E0F /* AndroidEmoji.ttf */,
				106A8C3D1F45635100FC9E0F /* Clockopia.ttf */,
				106A8C441F45635100FC9E0F /* DroidSans.ttf */,
				106A8C491F45635100FC9E0F /* DroidSansFallback.ttf */,
				106A8C4A1F45635100FC9E0F /* DroidSansFallbackFull.ttf */,
				106A8C4B1F45635100FC9E0F /* DroidSansFallbackLegacy.ttf */,
				106A8C4F1F45635100FC9E0F /* DroidSansJapanese.ttf */,
				106A8C501F45635100FC9E0F /* DroidSansMono.ttf */,
				106A8C511F45635100FC9E0F /* DroidSerif-Bold.ttf */,
				106A8C521F45635100FC9E0F /* DroidSerif-BoldItalic.ttf */,
				106A8C531F45635100FC9E0F /* DroidSerif-Italic.ttf */,
				106A8C541F45635100FC9E0F /* DroidSerif-Regular.ttf */,
				106A8C5C1F45635100FC9E0F /* Roboto-Bold.ttf */,
				106A8C5D1F45635100FC9E0F /* Roboto-BoldItalic.ttf */,
				106A8C5E1F45635100FC9E0F /* Roboto-Italic.ttf */,
				106A8C5F1F45635200FC9E0F /* Roboto-Light.ttf */,
				106A8C601F45635200FC9E0F /* Roboto-LightItalic.ttf */,
				106A8C611F45635200FC9E0F /* Roboto-Regular.ttf */,
				106A8C621F45635200FC9E0F /* Roboto-Thin.ttf */,
				106A8C631F45635200FC9E0F /* Roboto-ThinItalic.ttf */,
				106A8C641F45635200FC9E0F /* RobotoCondensed-Bold.ttf */,
				106A8C651F45635200FC9E0F /* RobotoCondensed-BoldItalic.ttf */,
				106A8C661F45635200FC9E0F /* RobotoCondensed-Italic.ttf */,
				106A8C671F45635200FC9E0F /* RobotoCondensed-Regular.ttf */,
			);
			path = fonts;
			sourceTree = "<group>";
		};
		106A8C6A1F45635200FC9E0F /* images */ = {
			isa = PBXGroup;
			children = (
				10328EA01F469801008B2B7C /* tab */,
				106A8C6B1F45635200FC9E0F /* company_icon_logo.png */,
			);
			path = images;
			sourceTree = "<group>";
		};
		108D47671F44158400441C23 /* AMReachability */ = {
			isa = PBXGroup;
			children = (
				108D47681F44158400441C23 /* AMReachability.swift */,
			);
			path = AMReachability;
			sourceTree = "<group>";
		};
		108D476A1F446C5A00441C23 /* Notification_lib */ = {
			isa = PBXGroup;
			children = (
				108D476B1F446C7A00441C23 /* Notification_lib.swift */,
			);
			path = Notification_lib;
			sourceTree = "<group>";
		};
		10AA60F61F4192CB00F59887 /* Controllers */ = {
			isa = PBXGroup;
			children = (
			);
			path = Controllers;
			sourceTree = "<group>";
		};
		10AA60F71F4192CB00F59887 /* Library */ = {
			isa = PBXGroup;
			children = (
				103424941F47E45900AD45BF /* RAMAnimatedTabBarController */,
				108D47671F44158400441C23 /* AMReachability */,
				10117EFC1F4584DC00A7C2BD /* AnimationView_lib */,
				10AA61021F419D9600F59887 /* Configuration_lib */,
				108D476A1F446C5A00441C23 /* Notification_lib */,
				10AA61011F419D7C00F59887 /* UrlSession_lib */,
			);
			path = Library;
			sourceTree = "<group>";
		};
		10AA60FA1F4192CB00F59887 /* Models */ = {
			isa = PBXGroup;
			children = (
			);
			path = Models;
			sourceTree = "<group>";
		};
		10AA60FB1F4192CB00F59887 /* Resource */ = {
			isa = PBXGroup;
			children = (
				106A8C371F45635100FC9E0F /* fonts */,
				106A8C6A1F45635200FC9E0F /* images */,
			);
			path = Resource;
			sourceTree = "<group>";
		};
		10AA60FC1F4192CB00F59887 /* Views */ = {
			isa = PBXGroup;
			children = (
				10084C291F43363E00EFE995 /* BaseViewController.swift */,
				10084C271F432E1D00EFE995 /* FirstViewController.swift */,
				10117EFF1F45854A00A7C2BD /* Tab1_ViewController.swift */,
				10117F011F45855800A7C2BD /* Tab2_ViewController.swift */,
				10117F031F45856700A7C2BD /* Tab3_ViewController.swift */,
				10117F051F45857700A7C2BD /* Tab4_ViewController.swift */,
				10117F071F45858C00A7C2BD /* Tab5_ViewController.swift */,
			);
			path = Views;
			sourceTree = "<group>";
		};
		10AA61011F419D7C00F59887 /* UrlSession_lib */ = {
			isa = PBXGroup;
			children = (
				10AA61051F419DC500F59887 /* UrlSession_lib.swift */,
			);
			path = UrlSession_lib;
			sourceTree = "<group>";
		};
		10AA61021F419D9600F59887 /* Configuration_lib */ = {
			isa = PBXGroup;
			children = (
				10AA61031F419D9600F59887 /* Configuration.swift */,
			);
			path = Configuration_lib;
			sourceTree = "<group>";
		};
		10BE15CE1F3D9FAF0007641A = {
			isa = PBXGroup;
			children = (
				10BE15D91F3D9FAF0007641A /* mobileinnovation-app1 */,
				10BE15EE1F3D9FAF0007641A /* mobileinnovation-app1Tests */,
				10BE15F91F3D9FAF0007641A /* mobileinnovation-app1UITests */,
				10BE15D81F3D9FAF0007641A /* Products */,
				500AFA812E32AD5F440FEA02 /* Pods */,
				71AF1F929B6D9AF454E50A1F /* Frameworks */,
			);
			sourceTree = "<group>";
		};
		10BE15D81F3D9FAF0007641A /* Products */ = {
			isa = PBXGroup;
			children = (
				10BE15D71F3D9FAF0007641A /* mobileinnovation-app1.app */,
				10BE15EB1F3D9FAF0007641A /* mobileinnovation-app1Tests.xctest */,
				10BE15F61F3D9FAF0007641A /* mobileinnovation-app1UITests.xctest */,
			);
			name = Products;
			sourceTree = "<group>";
		};
		10BE15D91F3D9FAF0007641A /* mobileinnovation-app1 */ = {
			isa = PBXGroup;
			children = (
				10AA61001F41935C00F59887 /* mobileinnovation-app1.entitlements */,
				10BE15DA1F3D9FAF0007641A /* AppDelegate.swift */,
				10AA60F61F4192CB00F59887 /* Controllers */,
				10AA60F71F4192CB00F59887 /* Library */,
				10AA60FA1F4192CB00F59887 /* Models */,
				10AA60FB1F4192CB00F59887 /* Resource */,
				10AA60FC1F4192CB00F59887 /* Views */,
				10BE15DE1F3D9FAF0007641A /* Main.storyboard */,
				10BE15E11F3D9FAF0007641A /* Assets.xcassets */,
				10BE15E31F3D9FAF0007641A /* LaunchScreen.storyboard */,
				10BE15E61F3D9FAF0007641A /* Info.plist */,
				104472391F45B476006E1034 /* propaty.plist */,
				10328EB91F46B5E6008B2B7C /* Bridght-Header.h */,
			);
			path = "mobileinnovation-app1";
			sourceTree = "<group>";
		};
		10BE15EE1F3D9FAF0007641A /* mobileinnovation-app1Tests */ = {
			isa = PBXGroup;
			children = (
				10BE15EF1F3D9FAF0007641A /* mobileinnovation_app1Tests.swift */,
				10BE15F11F3D9FAF0007641A /* Info.plist */,
			);
			path = "mobileinnovation-app1Tests";
			sourceTree = "<group>";
		};
		10BE15F91F3D9FAF0007641A /* mobileinnovation-app1UITests */ = {
			isa = PBXGroup;
			children = (
				10BE15FA1F3D9FAF0007641A /* mobileinnovation_app1UITests.swift */,
				10BE15FC1F3D9FAF0007641A /* Info.plist */,
			);
			path = "mobileinnovation-app1UITests";
			sourceTree = "<group>";
		};
		500AFA812E32AD5F440FEA02 /* Pods */ = {
			isa = PBXGroup;
			children = (
				BFD1553FF603C9A944D16437 /* Pods-mobileinnovation-app1.debug.xcconfig */,
				E692B887B3A9230E1579D51C /* Pods-mobileinnovation-app1.release.xcconfig */,
				9BAD9819F7F24614DBD2EB00 /* Pods-mobileinnovation-app1Tests.debug.xcconfig */,
				44041D7188E3C292CC84C372 /* Pods-mobileinnovation-app1Tests.release.xcconfig */,
				A1FC17C3787785A9B41C61F5 /* Pods-mobileinnovation-app1UITests.debug.xcconfig */,
				BE278F53FFBDE28B4B2AFBAC /* Pods-mobileinnovation-app1UITests.release.xcconfig */,
			);
			name = Pods;
			sourceTree = "<group>";
		};
		71AF1F929B6D9AF454E50A1F /* Frameworks */ = {
			isa = PBXGroup;
			children = (
				F4016FE3E887F55A00E0D7A6 /* Pods_mobileinnovation_app1.framework */,
				29C4E3CD8AA443754CB79C21 /* Pods_mobileinnovation_app1Tests.framework */,
				42889033F4FF58E880111948 /* Pods_mobileinnovation_app1UITests.framework */,
			);
			name = Frameworks;
			sourceTree = "<group>";
		};
/* End PBXGroup section */

/* Begin PBXNativeTarget section */
		10BE15D61F3D9FAF0007641A /* mobileinnovation-app1 */ = {
			isa = PBXNativeTarget;
			buildConfigurationList = 10BE15FF1F3D9FAF0007641A /* Build configuration list for PBXNativeTarget "mobileinnovation-app1" */;
			buildPhases = (
				AC57AB2D24D1F3F97998DB89 /* [CP] Check Pods Manifest.lock */,
				10BE15D31F3D9FAF0007641A /* Sources */,
				10BE15D41F3D9FAF0007641A /* Frameworks */,
				10BE15D51F3D9FAF0007641A /* Resources */,
				1DD160F938327D8869B6FBCA /* [CP] Embed Pods Frameworks */,
				98A3D7F94DDCB169A4CC3966 /* [CP] Copy Pods Resources */,
			);
			buildRules = (
			);
			dependencies = (
			);
			name = "mobileinnovation-app1";
			productName = "mobileinnovation-app1";
			productReference = 10BE15D71F3D9FAF0007641A /* mobileinnovation-app1.app */;
			productType = "com.apple.product-type.application";
		};
		10BE15EA1F3D9FAF0007641A /* mobileinnovation-app1Tests */ = {
			isa = PBXNativeTarget;
			buildConfigurationList = 10BE16021F3D9FAF0007641A /* Build configuration list for PBXNativeTarget "mobileinnovation-app1Tests" */;
			buildPhases = (
				30C13745C2E2F2A64F939B4A /* [CP] Check Pods Manifest.lock */,
				10BE15E71F3D9FAF0007641A /* Sources */,
				10BE15E81F3D9FAF0007641A /* Frameworks */,
				10BE15E91F3D9FAF0007641A /* Resources */,
				C78AC0A4BAAE307D50917612 /* [CP] Embed Pods Frameworks */,
				02E97EADDF6DA089A1362B17 /* [CP] Copy Pods Resources */,
			);
			buildRules = (
			);
			dependencies = (
				10BE15ED1F3D9FAF0007641A /* PBXTargetDependency */,
			);
			name = "mobileinnovation-app1Tests";
			productName = "mobileinnovation-app1Tests";
			productReference = 10BE15EB1F3D9FAF0007641A /* mobileinnovation-app1Tests.xctest */;
			productType = "com.apple.product-type.bundle.unit-test";
		};
		10BE15F51F3D9FAF0007641A /* mobileinnovation-app1UITests */ = {
			isa = PBXNativeTarget;
			buildConfigurationList = 10BE16051F3D9FAF0007641A /* Build configuration list for PBXNativeTarget "mobileinnovation-app1UITests" */;
			buildPhases = (
				303E188185D0F77392969A43 /* [CP] Check Pods Manifest.lock */,
				10BE15F21F3D9FAF0007641A /* Sources */,
				10BE15F31F3D9FAF0007641A /* Frameworks */,
				10BE15F41F3D9FAF0007641A /* Resources */,
				033A73824D03DBEA4B66273C /* [CP] Copy Pods Resources */,
				C8B51BEC68DEF5D8FDC088FB /* [CP] Embed Pods Frameworks */,
			);
			buildRules = (
			);
			dependencies = (
				10BE15F81F3D9FAF0007641A /* PBXTargetDependency */,
			);
			name = "mobileinnovation-app1UITests";
			productName = "mobileinnovation-app1UITests";
			productReference = 10BE15F61F3D9FAF0007641A /* mobileinnovation-app1UITests.xctest */;
			productType = "com.apple.product-type.bundle.ui-testing";
		};
/* End PBXNativeTarget section */

/* Begin PBXProject section */
		10BE15CF1F3D9FAF0007641A /* Project object */ = {
			isa = PBXProject;
			attributes = {
				LastSwiftUpdateCheck = 0830;
				LastUpgradeCheck = 0830;
				ORGANIZATIONNAME = "Mobile Innovation.";
				TargetAttributes = {
					10BE15D61F3D9FAF0007641A = {
						CreatedOnToolsVersion = 8.3.3;
						DevelopmentTeam = N5PT49EP9P;
						LastSwiftMigration = 0830;
						ProvisioningStyle = Manual;
						SystemCapabilities = {
							com.apple.Push = {
								enabled = 1;
							};
						};
					};
					10BE15EA1F3D9FAF0007641A = {
						CreatedOnToolsVersion = 8.3.3;
						DevelopmentTeam = N5PT49EP9P;
						LastSwiftMigration = 0830;
						ProvisioningStyle = Automatic;
						TestTargetID = 10BE15D61F3D9FAF0007641A;
					};
					10BE15F51F3D9FAF0007641A = {
						CreatedOnToolsVersion = 8.3.3;
						DevelopmentTeam = N5PT49EP9P;
						LastSwiftMigration = 0830;
						ProvisioningStyle = Automatic;
						TestTargetID = 10BE15D61F3D9FAF0007641A;
					};
				};
			};
			buildConfigurationList = 10BE15D21F3D9FAF0007641A /* Build configuration list for PBXProject "mobileinnovation-app1" */;
			compatibilityVersion = "Xcode 3.2";
			developmentRegion = English;
			hasScannedForEncodings = 0;
			knownRegions = (
				en,
				Base,
			);
			mainGroup = 10BE15CE1F3D9FAF0007641A;
			productRefGroup = 10BE15D81F3D9FAF0007641A /* Products */;
			projectDirPath = "";
			projectRoot = "";
			targets = (
				10BE15D61F3D9FAF0007641A /* mobileinnovation-app1 */,
				10BE15EA1F3D9FAF0007641A /* mobileinnovation-app1Tests */,
				10BE15F51F3D9FAF0007641A /* mobileinnovation-app1UITests */,
			);
		};
/* End PBXProject section */

/* Begin PBXResourcesBuildPhase section */
		10BE15D51F3D9FAF0007641A /* Resources */ = {
			isa = PBXResourcesBuildPhase;
			buildActionMask = 2147483647;
			files = (
				101F80451F49DE15004908DA /* icon_105530_256.png in Resources */,
				10328EC51F46BE78008B2B7C /* Typodermic - NasalizationRg-Regular.otf in Resources */,
				101F80491F49DE15004908DA /* map1.png in Resources */,
				100A75621F485DAE005DE91C /* TabBack_320.png in Resources */,
				10BE15E51F3D9FAF0007641A /* LaunchScreen.storyboard in Resources */,
				101F804C1F49DE15004908DA /* sns1@2x.png in Resources */,
				101F803D1F49DE15004908DA /* corche5.png in Resources */,
				106A8C861F45635200FC9E0F /* DroidSerif-BoldItalic.ttf in Resources */,
				106A8C711F45635200FC9E0F /* Clockopia.ttf in Resources */,
				101F80391F49DE15004908DA /* corche3.png in Resources */,
				101F803E1F49DE15004908DA /* corche5@2x.png in Resources */,
				106A8C921F45635200FC9E0F /* Roboto-Italic.ttf in Resources */,
				10328EB21F469801008B2B7C /* map2@2x.png in Resources */,
				101F802F1F49DE15004908DA /* card3.png in Resources */,
				106A8C851F45635200FC9E0F /* DroidSerif-Bold.ttf in Resources */,
				106A8C901F45635200FC9E0F /* Roboto-Bold.ttf in Resources */,
				101F80411F49DE15004908DA /* graf1.png in Resources */,
				101F80311F49DE15004908DA /* card4.png in Resources */,
				101F803B1F49DE15004908DA /* corche4.png in Resources */,
				106A8C9B1F45635200FC9E0F /* RobotoCondensed-Regular.ttf in Resources */,
				106A8C931F45635200FC9E0F /* Roboto-Light.ttf in Resources */,
				106A8C6E1F45635200FC9E0F /* AndroidClock_Highlight.ttf in Resources */,
				101F80321F49DE15004908DA /* card4@2x.png in Resources */,
				101F802C1F49DE15004908DA /* card1@2x.png in Resources */,
				100A75641F485DAE005DE91C /* TabBack_768.png in Resources */,
				101F802B1F49DE15004908DA /* card1.png in Resources */,
				106A8C781F45635200FC9E0F /* DroidSans.ttf in Resources */,
				1044723A1F45B476006E1034 /* propaty.plist in Resources */,
				106A8C841F45635200FC9E0F /* DroidSansMono.ttf in Resources */,
				100A755C1F485A88005DE91C /* TabBack_375.png in Resources */,
				101F804E1F49DE15004908DA /* sns2@2x.png in Resources */,
				106A8C981F45635200FC9E0F /* RobotoCondensed-Bold.ttf in Resources */,
				101F803C1F49DE15004908DA /* corche4@2x.png in Resources */,
				100A75651F485DAE005DE91C /* TabBack_834.png in Resources */,
				101F80431F49DE15004908DA /* graf2.png in Resources */,
				101F80371F49DE15004908DA /* corche2.png in Resources */,
				101F80461F49DE15004908DA /* icon_105530_256@2x.png in Resources */,
				100A75631F485DAE005DE91C /* TabBack_414.png in Resources */,
				106A8C911F45635200FC9E0F /* Roboto-BoldItalic.ttf in Resources */,
				101F802E1F49DE15004908DA /* card2@2x.png in Resources */,
				101F803A1F49DE15004908DA /* corche3@2x.png in Resources */,
				106A8C701F45635200FC9E0F /* AndroidEmoji.ttf in Resources */,
				101F802D1F49DE15004908DA /* card2.png in Resources */,
				106A8C9A1F45635200FC9E0F /* RobotoCondensed-Italic.ttf in Resources */,
				106A8C881F45635200FC9E0F /* DroidSerif-Regular.ttf in Resources */,
				101F80301F49DE15004908DA /* card3@2x.png in Resources */,
				101F80481F49DE15004908DA /* icon_158200_256@2x.png in Resources */,
				106A8C871F45635200FC9E0F /* DroidSerif-Italic.ttf in Resources */,
				106A8C971F45635200FC9E0F /* Roboto-ThinItalic.ttf in Resources */,
				106A8C7E1F45635200FC9E0F /* DroidSansFallbackFull.ttf in Resources */,
				101F80471F49DE15004908DA /* icon_158200_256.png in Resources */,
				100A75661F485DAE005DE91C /* TabBack_1024.png in Resources */,
				106A8C961F45635200FC9E0F /* Roboto-Thin.ttf in Resources */,
				101F803F1F49DE15004908DA /* corche6.png in Resources */,
				106A8C9E1F45635200FC9E0F /* company_icon_logo.png in Resources */,
				101F80501F49E1EE004908DA /* animation.plist in Resources */,
				101F80441F49DE15004908DA /* graf2@2x.png in Resources */,
				106A8C941F45635200FC9E0F /* Roboto-LightItalic.ttf in Resources */,
				106A8C991F45635200FC9E0F /* RobotoCondensed-BoldItalic.ttf in Resources */,
				101F80331F49DE15004908DA /* check1.png in Resources */,
				106A8C7F1F45635200FC9E0F /* DroidSansFallbackLegacy.ttf in Resources */,
				101F80401F49DE15004908DA /* corche6@2x.png in Resources */,
				106A8C7D1F45635200FC9E0F /* DroidSansFallback.ttf in Resources */,
				106A8C831F45635200FC9E0F /* DroidSansJapanese.ttf in Resources */,
				101F80361F49DE15004908DA /* corche1@2x.png in Resources */,
				10BE15E21F3D9FAF0007641A /* Assets.xcassets in Resources */,
				10BE15E01F3D9FAF0007641A /* Main.storyboard in Resources */,
				101F80381F49DE15004908DA /* corche2@2x.png in Resources */,
				106A8C6F1F45635200FC9E0F /* AndroidClock_Solid.ttf in Resources */,
				101F804A1F49DE15004908DA /* map1@2x.png in Resources */,
				10328EB11F469801008B2B7C /* map2.png in Resources */,
				101F804D1F49DE15004908DA /* sns2.png in Resources */,
				106A8C6D1F45635200FC9E0F /* AndroidClock.ttf in Resources */,
				101F80421F49DE15004908DA /* graf1@2x.png in Resources */,
				101F804B1F49DE15004908DA /* sns1.png in Resources */,
				106A8C951F45635200FC9E0F /* Roboto-Regular.ttf in Resources */,
				101F80341F49DE15004908DA /* check1@2x.png in Resources */,
				101F80351F49DE15004908DA /* corche1.png in Resources */,
			);
			runOnlyForDeploymentPostprocessing = 0;
		};
		10BE15E91F3D9FAF0007641A /* Resources */ = {
			isa = PBXResourcesBuildPhase;
			buildActionMask = 2147483647;
			files = (
			);
			runOnlyForDeploymentPostprocessing = 0;
		};
		10BE15F41F3D9FAF0007641A /* Resources */ = {
			isa = PBXResourcesBuildPhase;
			buildActionMask = 2147483647;
			files = (
			);
			runOnlyForDeploymentPostprocessing = 0;
		};
/* End PBXResourcesBuildPhase section */

/* Begin PBXShellScriptBuildPhase section */
		02E97EADDF6DA089A1362B17 /* [CP] Copy Pods Resources */ = {
			isa = PBXShellScriptBuildPhase;
			buildActionMask = 2147483647;
			files = (
			);
			inputPaths = (
				"${SRCROOT}/Pods/Target Support Files/Pods-mobileinnovation-app1Tests/Pods-mobileinnovation-app1Tests-resources.sh",
				"${PODS_ROOT}/DeployGateSDK/DeployGateSDK1.0.7.embeddedframework/DeployGateSDK.framework/Versions/A/Resources/en.lproj",
				"${PODS_ROOT}/DeployGateSDK/DeployGateSDK1.0.7.embeddedframework/DeployGateSDK.framework/Versions/A/Resources/ja.lproj",
			);
			name = "[CP] Copy Pods Resources";
			outputPaths = (
				"${TARGET_BUILD_DIR}/${UNLOCALIZED_RESOURCES_FOLDER_PATH}",
			);
			runOnlyForDeploymentPostprocessing = 0;
			shellPath = /bin/sh;
			shellScript = "\"${SRCROOT}/Pods/Target Support Files/Pods-mobileinnovation-app1Tests/Pods-mobileinnovation-app1Tests-resources.sh\"\n";
			showEnvVarsInLog = 0;
		};
		033A73824D03DBEA4B66273C /* [CP] Copy Pods Resources */ = {
			isa = PBXShellScriptBuildPhase;
			buildActionMask = 2147483647;
			files = (
			);
			inputPaths = (
				"${SRCROOT}/Pods/Target Support Files/Pods-mobileinnovation-app1UITests/Pods-mobileinnovation-app1UITests-resources.sh",
				"${PODS_ROOT}/DeployGateSDK/DeployGateSDK1.0.7.embeddedframework/DeployGateSDK.framework/Versions/A/Resources/en.lproj",
				"${PODS_ROOT}/DeployGateSDK/DeployGateSDK1.0.7.embeddedframework/DeployGateSDK.framework/Versions/A/Resources/ja.lproj",
			);
			name = "[CP] Copy Pods Resources";
			outputPaths = (
				"${TARGET_BUILD_DIR}/${UNLOCALIZED_RESOURCES_FOLDER_PATH}",
			);
			runOnlyForDeploymentPostprocessing = 0;
			shellPath = /bin/sh;
			shellScript = "\"${SRCROOT}/Pods/Target Support Files/Pods-mobileinnovation-app1UITests/Pods-mobileinnovation-app1UITests-resources.sh\"\n";
			showEnvVarsInLog = 0;
		};
		1DD160F938327D8869B6FBCA /* [CP] Embed Pods Frameworks */ = {
			isa = PBXShellScriptBuildPhase;
			buildActionMask = 2147483647;
			files = (
			);
			inputPaths = (
				"${SRCROOT}/Pods/Target Support Files/Pods-mobileinnovation-app1/Pods-mobileinnovation-app1-frameworks.sh",
				"${BUILT_PRODUCTS_DIR}/LTMorphingLabel/LTMorphingLabel.framework",
				"${BUILT_PRODUCTS_DIR}/NVActivityIndicatorView/NVActivityIndicatorView.framework",
				"${BUILT_PRODUCTS_DIR}/SwiftyJSON/SwiftyJSON.framework",
			);
			name = "[CP] Embed Pods Frameworks";
			outputPaths = (
				"${TARGET_BUILD_DIR}/${FRAMEWORKS_FOLDER_PATH}/LTMorphingLabel.framework",
				"${TARGET_BUILD_DIR}/${FRAMEWORKS_FOLDER_PATH}/NVActivityIndicatorView.framework",
				"${TARGET_BUILD_DIR}/${FRAMEWORKS_FOLDER_PATH}/SwiftyJSON.framework",
			);
			runOnlyForDeploymentPostprocessing = 0;
			shellPath = /bin/sh;
			shellScript = "\"${SRCROOT}/Pods/Target Support Files/Pods-mobileinnovation-app1/Pods-mobileinnovation-app1-frameworks.sh\"\n";
			showEnvVarsInLog = 0;
		};
		303E188185D0F77392969A43 /* [CP] Check Pods Manifest.lock */ = {
			isa = PBXShellScriptBuildPhase;
			buildActionMask = 2147483647;
			files = (
			);
			inputPaths = (
				"${PODS_PODFILE_DIR_PATH}/Podfile.lock",
				"${PODS_ROOT}/Manifest.lock",
			);
			name = "[CP] Check Pods Manifest.lock";
			outputPaths = (
				"$(DERIVED_FILE_DIR)/Pods-mobileinnovation-app1UITests-checkManifestLockResult.txt",
			);
			runOnlyForDeploymentPostprocessing = 0;
			shellPath = /bin/sh;
			shellScript = "diff \"${PODS_PODFILE_DIR_PATH}/Podfile.lock\" \"${PODS_ROOT}/Manifest.lock\" > /dev/null\nif [ $? != 0 ] ; then\n    # print error to STDERR\n    echo \"error: The sandbox is not in sync with the Podfile.lock. Run 'pod install' or update your CocoaPods installation.\" >&2\n    exit 1\nfi\n# This output is used by Xcode 'outputs' to avoid re-running this script phase.\necho \"SUCCESS\" > \"${SCRIPT_OUTPUT_FILE_0}\"\n";
			showEnvVarsInLog = 0;
		};
		30C13745C2E2F2A64F939B4A /* [CP] Check Pods Manifest.lock */ = {
			isa = PBXShellScriptBuildPhase;
			buildActionMask = 2147483647;
			files = (
			);
			inputPaths = (
				"${PODS_PODFILE_DIR_PATH}/Podfile.lock",
				"${PODS_ROOT}/Manifest.lock",
			);
			name = "[CP] Check Pods Manifest.lock";
			outputPaths = (
				"$(DERIVED_FILE_DIR)/Pods-mobileinnovation-app1Tests-checkManifestLockResult.txt",
			);
			runOnlyForDeploymentPostprocessing = 0;
			shellPath = /bin/sh;
			shellScript = "diff \"${PODS_PODFILE_DIR_PATH}/Podfile.lock\" \"${PODS_ROOT}/Manifest.lock\" > /dev/null\nif [ $? != 0 ] ; then\n    # print error to STDERR\n    echo \"error: The sandbox is not in sync with the Podfile.lock. Run 'pod install' or update your CocoaPods installation.\" >&2\n    exit 1\nfi\n# This output is used by Xcode 'outputs' to avoid re-running this script phase.\necho \"SUCCESS\" > \"${SCRIPT_OUTPUT_FILE_0}\"\n";
			showEnvVarsInLog = 0;
		};
		98A3D7F94DDCB169A4CC3966 /* [CP] Copy Pods Resources */ = {
			isa = PBXShellScriptBuildPhase;
			buildActionMask = 2147483647;
			files = (
			);
			inputPaths = (
				"${SRCROOT}/Pods/Target Support Files/Pods-mobileinnovation-app1/Pods-mobileinnovation-app1-resources.sh",
				"${PODS_ROOT}/DeployGateSDK/DeployGateSDK1.0.7.embeddedframework/DeployGateSDK.framework/Versions/A/Resources/en.lproj",
				"${PODS_ROOT}/DeployGateSDK/DeployGateSDK1.0.7.embeddedframework/DeployGateSDK.framework/Versions/A/Resources/ja.lproj",
			);
			name = "[CP] Copy Pods Resources";
			outputPaths = (
				"${TARGET_BUILD_DIR}/${UNLOCALIZED_RESOURCES_FOLDER_PATH}",
			);
			runOnlyForDeploymentPostprocessing = 0;
			shellPath = /bin/sh;
			shellScript = "\"${SRCROOT}/Pods/Target Support Files/Pods-mobileinnovation-app1/Pods-mobileinnovation-app1-resources.sh\"\n";
			showEnvVarsInLog = 0;
		};
		AC57AB2D24D1F3F97998DB89 /* [CP] Check Pods Manifest.lock */ = {
			isa = PBXShellScriptBuildPhase;
			buildActionMask = 2147483647;
			files = (
			);
			inputPaths = (
				"${PODS_PODFILE_DIR_PATH}/Podfile.lock",
				"${PODS_ROOT}/Manifest.lock",
			);
			name = "[CP] Check Pods Manifest.lock";
			outputPaths = (
				"$(DERIVED_FILE_DIR)/Pods-mobileinnovation-app1-checkManifestLockResult.txt",
			);
			runOnlyForDeploymentPostprocessing = 0;
			shellPath = /bin/sh;
			shellScript = "diff \"${PODS_PODFILE_DIR_PATH}/Podfile.lock\" \"${PODS_ROOT}/Manifest.lock\" > /dev/null\nif [ $? != 0 ] ; then\n    # print error to STDERR\n    echo \"error: The sandbox is not in sync with the Podfile.lock. Run 'pod install' or update your CocoaPods installation.\" >&2\n    exit 1\nfi\n# This output is used by Xcode 'outputs' to avoid re-running this script phase.\necho \"SUCCESS\" > \"${SCRIPT_OUTPUT_FILE_0}\"\n";
			showEnvVarsInLog = 0;
		};
		C78AC0A4BAAE307D50917612 /* [CP] Embed Pods Frameworks */ = {
			isa = PBXShellScriptBuildPhase;
			buildActionMask = 2147483647;
			files = (
			);
			inputPaths = (
				"${SRCROOT}/Pods/Target Support Files/Pods-mobileinnovation-app1Tests/Pods-mobileinnovation-app1Tests-frameworks.sh",
				"${BUILT_PRODUCTS_DIR}/LTMorphingLabel/LTMorphingLabel.framework",
				"${BUILT_PRODUCTS_DIR}/NVActivityIndicatorView/NVActivityIndicatorView.framework",
				"${BUILT_PRODUCTS_DIR}/SwiftyJSON/SwiftyJSON.framework",
			);
			name = "[CP] Embed Pods Frameworks";
			outputPaths = (
				"${TARGET_BUILD_DIR}/${FRAMEWORKS_FOLDER_PATH}/LTMorphingLabel.framework",
				"${TARGET_BUILD_DIR}/${FRAMEWORKS_FOLDER_PATH}/NVActivityIndicatorView.framework",
				"${TARGET_BUILD_DIR}/${FRAMEWORKS_FOLDER_PATH}/SwiftyJSON.framework",
			);
			runOnlyForDeploymentPostprocessing = 0;
			shellPath = /bin/sh;
			shellScript = "\"${SRCROOT}/Pods/Target Support Files/Pods-mobileinnovation-app1Tests/Pods-mobileinnovation-app1Tests-frameworks.sh\"\n";
			showEnvVarsInLog = 0;
		};
		C8B51BEC68DEF5D8FDC088FB /* [CP] Embed Pods Frameworks */ = {
			isa = PBXShellScriptBuildPhase;
			buildActionMask = 2147483647;
			files = (
			);
			inputPaths = (
				"${SRCROOT}/Pods/Target Support Files/Pods-mobileinnovation-app1UITests/Pods-mobileinnovation-app1UITests-frameworks.sh",
				"${BUILT_PRODUCTS_DIR}/LTMorphingLabel/LTMorphingLabel.framework",
				"${BUILT_PRODUCTS_DIR}/NVActivityIndicatorView/NVActivityIndicatorView.framework",
				"${BUILT_PRODUCTS_DIR}/SwiftyJSON/SwiftyJSON.framework",
			);
			name = "[CP] Embed Pods Frameworks";
			outputPaths = (
				"${TARGET_BUILD_DIR}/${FRAMEWORKS_FOLDER_PATH}/LTMorphingLabel.framework",
				"${TARGET_BUILD_DIR}/${FRAMEWORKS_FOLDER_PATH}/NVActivityIndicatorView.framework",
				"${TARGET_BUILD_DIR}/${FRAMEWORKS_FOLDER_PATH}/SwiftyJSON.framework",
			);
			runOnlyForDeploymentPostprocessing = 0;
			shellPath = /bin/sh;
			shellScript = "\"${SRCROOT}/Pods/Target Support Files/Pods-mobileinnovation-app1UITests/Pods-mobileinnovation-app1UITests-frameworks.sh\"\n";
			showEnvVarsInLog = 0;
		};
/* End PBXShellScriptBuildPhase section */

/* Begin PBXSourcesBuildPhase section */
		10BE15D31F3D9FAF0007641A /* Sources */ = {
			isa = PBXSourcesBuildPhase;
			buildActionMask = 2147483647;
			files = (
				108D47691F44158400441C23 /* AMReachability.swift in Sources */,
				103424A41F47E45900AD45BF /* RAMBounceAnimation.swift in Sources */,
				10084C2A1F43363E00EFE995 /* BaseViewController.swift in Sources */,
				10084C281F432E1D00EFE995 /* FirstViewController.swift in Sources */,
				10117F061F45857700A7C2BD /* Tab4_ViewController.swift in Sources */,
				103424A91F47E45900AD45BF /* RAMAnimatedTabBarController.swift in Sources */,
				10117EFE1F4584DC00A7C2BD /* AnimationView_lib.swift in Sources */,
				103424A71F47E45900AD45BF /* RAMRotationAnimation.swift in Sources */,
				103424AB1F47E45900AD45BF /* RAMItemAnimationProtocol.swift in Sources */,
				10AA61061F419DC500F59887 /* UrlSession_lib.swift in Sources */,
				10117F081F45858C00A7C2BD /* Tab5_ViewController.swift in Sources */,
				10117F041F45856700A7C2BD /* Tab3_ViewController.swift in Sources */,
				10117F021F45855800A7C2BD /* Tab2_ViewController.swift in Sources */,
				10AA61041F419D9600F59887 /* Configuration.swift in Sources */,
				10BE15DB1F3D9FAF0007641A /* AppDelegate.swift in Sources */,
				10117F001F45854A00A7C2BD /* Tab1_ViewController.swift in Sources */,
				103424A51F47E45900AD45BF /* RAMFrameItemAnimation.swift in Sources */,
				103424AA1F47E45900AD45BF /* RAMBadge.swift in Sources */,
				103424A61F47E45900AD45BF /* RAMFumeAnimation.swift in Sources */,
				108D476C1F446C7A00441C23 /* Notification_lib.swift in Sources */,
				103424A81F47E45900AD45BF /* RAMTransitionItemAnimations.swift in Sources */,
			);
			runOnlyForDeploymentPostprocessing = 0;
		};
		10BE15E71F3D9FAF0007641A /* Sources */ = {
			isa = PBXSourcesBuildPhase;
			buildActionMask = 2147483647;
			files = (
				10BE15F01F3D9FAF0007641A /* mobileinnovation_app1Tests.swift in Sources */,
			);
			runOnlyForDeploymentPostprocessing = 0;
		};
		10BE15F21F3D9FAF0007641A /* Sources */ = {
			isa = PBXSourcesBuildPhase;
			buildActionMask = 2147483647;
			files = (
				10BE15FB1F3D9FAF0007641A /* mobileinnovation_app1UITests.swift in Sources */,
			);
			runOnlyForDeploymentPostprocessing = 0;
		};
/* End PBXSourcesBuildPhase section */

/* Begin PBXTargetDependency section */
		10BE15ED1F3D9FAF0007641A /* PBXTargetDependency */ = {
			isa = PBXTargetDependency;
			target = 10BE15D61F3D9FAF0007641A /* mobileinnovation-app1 */;
			targetProxy = 10BE15EC1F3D9FAF0007641A /* PBXContainerItemProxy */;
		};
		10BE15F81F3D9FAF0007641A /* PBXTargetDependency */ = {
			isa = PBXTargetDependency;
			target = 10BE15D61F3D9FAF0007641A /* mobileinnovation-app1 */;
			targetProxy = 10BE15F71F3D9FAF0007641A /* PBXContainerItemProxy */;
		};
/* End PBXTargetDependency section */

/* Begin PBXVariantGroup section */
		10BE15DE1F3D9FAF0007641A /* Main.storyboard */ = {
			isa = PBXVariantGroup;
			children = (
				10BE15DF1F3D9FAF0007641A /* Base */,
			);
			name = Main.storyboard;
			sourceTree = "<group>";
		};
		10BE15E31F3D9FAF0007641A /* LaunchScreen.storyboard */ = {
			isa = PBXVariantGroup;
			children = (
				10BE15E41F3D9FAF0007641A /* Base */,
			);
			name = LaunchScreen.storyboard;
			sourceTree = "<group>";
		};
/* End PBXVariantGroup section */

/* Begin XCBuildConfiguration section */
		10BE15FD1F3D9FAF0007641A /* Debug */ = {
			isa = XCBuildConfiguration;
			buildSettings = {
				ALWAYS_SEARCH_USER_PATHS = NO;
				CLANG_ANALYZER_NONNULL = YES;
				CLANG_ANALYZER_NUMBER_OBJECT_CONVERSION = YES_AGGRESSIVE;
				CLANG_CXX_LANGUAGE_STANDARD = "gnu++0x";
				CLANG_CXX_LIBRARY = "libc++";
				CLANG_ENABLE_MODULES = YES;
				CLANG_ENABLE_OBJC_ARC = YES;
				CLANG_WARN_BOOL_CONVERSION = YES;
				CLANG_WARN_CONSTANT_CONVERSION = YES;
				CLANG_WARN_DIRECT_OBJC_ISA_USAGE = YES_ERROR;
				CLANG_WARN_DOCUMENTATION_COMMENTS = YES;
				CLANG_WARN_EMPTY_BODY = YES;
				CLANG_WARN_ENUM_CONVERSION = YES;
				CLANG_WARN_INFINITE_RECURSION = YES;
				CLANG_WARN_INT_CONVERSION = YES;
				CLANG_WARN_OBJC_ROOT_CLASS = YES_ERROR;
				CLANG_WARN_SUSPICIOUS_MOVE = YES;
				CLANG_WARN_UNREACHABLE_CODE = YES;
				CLANG_WARN__DUPLICATE_METHOD_MATCH = YES;
				"CODE_SIGN_IDENTITY[sdk=iphoneos*]" = "iPhone Developer";
				COPY_PHASE_STRIP = NO;
				DEBUG_INFORMATION_FORMAT = dwarf;
				ENABLE_STRICT_OBJC_MSGSEND = YES;
				ENABLE_TESTABILITY = YES;
				GCC_C_LANGUAGE_STANDARD = gnu99;
				GCC_DYNAMIC_NO_PIC = NO;
				GCC_NO_COMMON_BLOCKS = YES;
				GCC_OPTIMIZATION_LEVEL = 0;
				GCC_PREPROCESSOR_DEFINITIONS = (
					"DEBUG=1",
					"$(inherited)",
				);
				GCC_WARN_64_TO_32_BIT_CONVERSION = YES;
				GCC_WARN_ABOUT_RETURN_TYPE = YES_ERROR;
				GCC_WARN_UNDECLARED_SELECTOR = YES;
				GCC_WARN_UNINITIALIZED_AUTOS = YES_AGGRESSIVE;
				GCC_WARN_UNUSED_FUNCTION = YES;
				GCC_WARN_UNUSED_VARIABLE = YES;
				IPHONEOS_DEPLOYMENT_TARGET = 10.3;
				MTL_ENABLE_DEBUG_INFO = YES;
				ONLY_ACTIVE_ARCH = YES;
				SDKROOT = iphoneos;
				SWIFT_ACTIVE_COMPILATION_CONDITIONS = DEBUG;
				SWIFT_OPTIMIZATION_LEVEL = "-Onone";
				TARGETED_DEVICE_FAMILY = "1,2";
			};
			name = Debug;
		};
		10BE15FE1F3D9FAF0007641A /* Release */ = {
			isa = XCBuildConfiguration;
			buildSettings = {
				ALWAYS_SEARCH_USER_PATHS = NO;
				CLANG_ANALYZER_NONNULL = YES;
				CLANG_ANALYZER_NUMBER_OBJECT_CONVERSION = YES_AGGRESSIVE;
				CLANG_CXX_LANGUAGE_STANDARD = "gnu++0x";
				CLANG_CXX_LIBRARY = "libc++";
				CLANG_ENABLE_MODULES = YES;
				CLANG_ENABLE_OBJC_ARC = YES;
				CLANG_WARN_BOOL_CONVERSION = YES;
				CLANG_WARN_CONSTANT_CONVERSION = YES;
				CLANG_WARN_DIRECT_OBJC_ISA_USAGE = YES_ERROR;
				CLANG_WARN_DOCUMENTATION_COMMENTS = YES;
				CLANG_WARN_EMPTY_BODY = YES;
				CLANG_WARN_ENUM_CONVERSION = YES;
				CLANG_WARN_INFINITE_RECURSION = YES;
				CLANG_WARN_INT_CONVERSION = YES;
				CLANG_WARN_OBJC_ROOT_CLASS = YES_ERROR;
				CLANG_WARN_SUSPICIOUS_MOVE = YES;
				CLANG_WARN_UNREACHABLE_CODE = YES;
				CLANG_WARN__DUPLICATE_METHOD_MATCH = YES;
				"CODE_SIGN_IDENTITY[sdk=iphoneos*]" = "iPhone Developer";
				COPY_PHASE_STRIP = NO;
				DEBUG_INFORMATION_FORMAT = "dwarf-with-dsym";
				ENABLE_NS_ASSERTIONS = NO;
				ENABLE_STRICT_OBJC_MSGSEND = YES;
				GCC_C_LANGUAGE_STANDARD = gnu99;
				GCC_NO_COMMON_BLOCKS = YES;
				GCC_WARN_64_TO_32_BIT_CONVERSION = YES;
				GCC_WARN_ABOUT_RETURN_TYPE = YES_ERROR;
				GCC_WARN_UNDECLARED_SELECTOR = YES;
				GCC_WARN_UNINITIALIZED_AUTOS = YES_AGGRESSIVE;
				GCC_WARN_UNUSED_FUNCTION = YES;
				GCC_WARN_UNUSED_VARIABLE = YES;
				IPHONEOS_DEPLOYMENT_TARGET = 10.3;
				MTL_ENABLE_DEBUG_INFO = NO;
				SDKROOT = iphoneos;
				SWIFT_OPTIMIZATION_LEVEL = "-Owholemodule";
				TARGETED_DEVICE_FAMILY = "1,2";
				VALIDATE_PRODUCT = YES;
			};
			name = Release;
		};
		10BE16001F3D9FAF0007641A /* Debug */ = {
			isa = XCBuildConfiguration;
			baseConfigurationReference = BFD1553FF603C9A944D16437 /* Pods-mobileinnovation-app1.debug.xcconfig */;
			buildSettings = {
				ASSETCATALOG_COMPILER_APPICON_NAME = AppIcon;
				CODE_SIGN_ENTITLEMENTS = "mobileinnovation-app1/mobileinnovation-app1.entitlements";
				DEVELOPMENT_TEAM = N5PT49EP9P;
				INFOPLIST_FILE = "mobileinnovation-app1/Info.plist";
				IPHONEOS_DEPLOYMENT_TARGET = 9.0;
				LD_RUNPATH_SEARCH_PATHS = "$(inherited) @executable_path/Frameworks";
				PRODUCT_BUNDLE_IDENTIFIER = "jp.mobile-innovation.mobileinnovation-app1";
				PRODUCT_NAME = "$(TARGET_NAME)";
				PROVISIONING_PROFILE = "d282df25-39e9-42e6-a56a-324ec0204a08";
				PROVISIONING_PROFILE_SPECIFIER = "Mobile Innovation APP1 Development";
				SWIFT_ACTIVE_COMPILATION_CONDITIONS = "-D DEBUG";
				SWIFT_OBJC_BRIDGING_HEADER = "";
				"SWIFT_OBJC_BRIDGING_HEADER[arch=*]" = "";
				SWIFT_VERSION = 3.0;
				TARGETED_DEVICE_FAMILY = 1;
			};
			name = Debug;
		};
		10BE16011F3D9FAF0007641A /* Release */ = {
			isa = XCBuildConfiguration;
			baseConfigurationReference = E692B887B3A9230E1579D51C /* Pods-mobileinnovation-app1.release.xcconfig */;
			buildSettings = {
				ASSETCATALOG_COMPILER_APPICON_NAME = AppIcon;
				CODE_SIGN_ENTITLEMENTS = "mobileinnovation-app1/mobileinnovation-app1.entitlements";
				"CODE_SIGN_IDENTITY[sdk=iphoneos*]" = "iPhone Distribution";
				DEVELOPMENT_TEAM = N5PT49EP9P;
				INFOPLIST_FILE = "mobileinnovation-app1/Info.plist";
				IPHONEOS_DEPLOYMENT_TARGET = 9.0;
				LD_RUNPATH_SEARCH_PATHS = "$(inherited) @executable_path/Frameworks";
				PRODUCT_BUNDLE_IDENTIFIER = "jp.mobile-innovation.mobileinnovation-app1";
				PRODUCT_NAME = "$(TARGET_NAME)";
				PROVISIONING_PROFILE = "9092e7b4-1353-4b02-abe7-c760bf79366f";
				PROVISIONING_PROFILE_SPECIFIER = "Mobile Innovation APP1 Distribution";
				SWIFT_OBJC_BRIDGING_HEADER = "";
				SWIFT_VERSION = 3.0;
				TARGETED_DEVICE_FAMILY = 1;
			};
			name = Release;
		};
		10BE16031F3D9FAF0007641A /* Debug */ = {
			isa = XCBuildConfiguration;
			baseConfigurationReference = 9BAD9819F7F24614DBD2EB00 /* Pods-mobileinnovation-app1Tests.debug.xcconfig */;
			buildSettings = {
				ALWAYS_EMBED_SWIFT_STANDARD_LIBRARIES = "$(inherited)";
				BUNDLE_LOADER = "$(TEST_HOST)";
				DEVELOPMENT_TEAM = N5PT49EP9P;
				INFOPLIST_FILE = "mobileinnovation-app1Tests/Info.plist";
				LD_RUNPATH_SEARCH_PATHS = "$(inherited) @executable_path/Frameworks @loader_path/Frameworks";
				PRODUCT_BUNDLE_IDENTIFIER = "jp.mobile-innovation.mobileinnovation-app1Tests";
				PRODUCT_NAME = "$(TARGET_NAME)";
				SWIFT_VERSION = 3.0;
				TEST_HOST = "$(BUILT_PRODUCTS_DIR)/mobileinnovation-app1.app/mobileinnovation-app1";
			};
			name = Debug;
		};
		10BE16041F3D9FAF0007641A /* Release */ = {
			isa = XCBuildConfiguration;
			baseConfigurationReference = 44041D7188E3C292CC84C372 /* Pods-mobileinnovation-app1Tests.release.xcconfig */;
			buildSettings = {
				ALWAYS_EMBED_SWIFT_STANDARD_LIBRARIES = "$(inherited)";
				BUNDLE_LOADER = "$(TEST_HOST)";
				DEVELOPMENT_TEAM = N5PT49EP9P;
				INFOPLIST_FILE = "mobileinnovation-app1Tests/Info.plist";
				LD_RUNPATH_SEARCH_PATHS = "$(inherited) @executable_path/Frameworks @loader_path/Frameworks";
				PRODUCT_BUNDLE_IDENTIFIER = "jp.mobile-innovation.mobileinnovation-app1Tests";
				PRODUCT_NAME = "$(TARGET_NAME)";
				SWIFT_VERSION = 3.0;
				TEST_HOST = "$(BUILT_PRODUCTS_DIR)/mobileinnovation-app1.app/mobileinnovation-app1";
			};
			name = Release;
		};
		10BE16061F3D9FAF0007641A /* Debug */ = {
			isa = XCBuildConfiguration;
			baseConfigurationReference = A1FC17C3787785A9B41C61F5 /* Pods-mobileinnovation-app1UITests.debug.xcconfig */;
			buildSettings = {
				ALWAYS_EMBED_SWIFT_STANDARD_LIBRARIES = "$(inherited)";
				DEVELOPMENT_TEAM = N5PT49EP9P;
				INFOPLIST_FILE = "mobileinnovation-app1UITests/Info.plist";
				LD_RUNPATH_SEARCH_PATHS = "$(inherited) @executable_path/Frameworks @loader_path/Frameworks";
				PRODUCT_BUNDLE_IDENTIFIER = "jp.mobile-innovation.mobileinnovation-app1UITests";
				PRODUCT_NAME = "$(TARGET_NAME)";
				SWIFT_VERSION = 3.0;
				TEST_TARGET_NAME = "mobileinnovation-app1";
			};
			name = Debug;
		};
		10BE16071F3D9FAF0007641A /* Release */ = {
			isa = XCBuildConfiguration;
			baseConfigurationReference = BE278F53FFBDE28B4B2AFBAC /* Pods-mobileinnovation-app1UITests.release.xcconfig */;
			buildSettings = {
				ALWAYS_EMBED_SWIFT_STANDARD_LIBRARIES = "$(inherited)";
				DEVELOPMENT_TEAM = N5PT49EP9P;
				INFOPLIST_FILE = "mobileinnovation-app1UITests/Info.plist";
				LD_RUNPATH_SEARCH_PATHS = "$(inherited) @executable_path/Frameworks @loader_path/Frameworks";
				PRODUCT_BUNDLE_IDENTIFIER = "jp.mobile-innovation.mobileinnovation-app1UITests";
				PRODUCT_NAME = "$(TARGET_NAME)";
				SWIFT_VERSION = 3.0;
				TEST_TARGET_NAME = "mobileinnovation-app1";
			};
			name = Release;
		};
/* End XCBuildConfiguration section */

/* Begin XCConfigurationList section */
		10BE15D21F3D9FAF0007641A /* Build configuration list for PBXProject "mobileinnovation-app1" */ = {
			isa = XCConfigurationList;
			buildConfigurations = (
				10BE15FD1F3D9FAF0007641A /* Debug */,
				10BE15FE1F3D9FAF0007641A /* Release */,
			);
			defaultConfigurationIsVisible = 0;
			defaultConfigurationName = Release;
		};
		10BE15FF1F3D9FAF0007641A /* Build configuration list for PBXNativeTarget "mobileinnovation-app1" */ = {
			isa = XCConfigurationList;
			buildConfigurations = (
				10BE16001F3D9FAF0007641A /* Debug */,
				10BE16011F3D9FAF0007641A /* Release */,
			);
			defaultConfigurationIsVisible = 0;
			defaultConfigurationName = Release;
		};
		10BE16021F3D9FAF0007641A /* Build configuration list for PBXNativeTarget "mobileinnovation-app1Tests" */ = {
			isa = XCConfigurationList;
			buildConfigurations = (
				10BE16031F3D9FAF0007641A /* Debug */,
				10BE16041F3D9FAF0007641A /* Release */,
			);
			defaultConfigurationIsVisible = 0;
			defaultConfigurationName = Release;
		};
		10BE16051F3D9FAF0007641A /* Build configuration list for PBXNativeTarget "mobileinnovation-app1UITests" */ = {
			isa = XCConfigurationList;
			buildConfigurations = (
				10BE16061F3D9FAF0007641A /* Debug */,
				10BE16071F3D9FAF0007641A /* Release */,
			);
			defaultConfigurationIsVisible = 0;
			defaultConfigurationName = Release;
		};
/* End XCConfigurationList section */
	};
	rootObject = 10BE15CF1F3D9FAF0007641A /* Project object */;
}
